
Microsoft Visual Studio Solution File, Format Version 10.00
# Visual Studio 2008
Project("{8BC9CEB8-8B4A-11D0-8D11-00A0C91BC942}") = "george2csv", "george2csv_vs90.vcproj", "{A1EE5090-33F4-461E-8B55-CF422D722EF2}"
EndProject
Global
	GlobalSection(SolutionConfigurationPlatforms) = preSolution
		Debug|Win32 = Debug|Win32
		DebugFast|Win32 = DebugFast|Win32
		Release|Win32 = Release|Win32
		ReleaseDebug|Win32 = ReleaseDebug|Win32
	EndGlobalSection
	GlobalSection(ProjectConfigurationPlatforms) = postSolution
		{A1EE5090-33F4-461E-8B55-CF422D722EF2}.Debug|Win32.ActiveCfg = Debug|Win32
		{A1EE5090-33F4-461E-8B55-CF422D722EF2}.Debug|Win32.Build.0 = Debug|Win32
		{A1EE5090-33F4-461E-8B55-CF422D722EF2}.DebugFast|Win32.ActiveCfg = DebugFast|Win32
		{A1EE5090-33F4-461E-8B55-CF422D722EF2}.DebugFast|Win32.Build.0 = DebugFast|Win32
		{A1EE5090-33F4-461E-8B55-CF422D722EF2}.Release|Win32.ActiveCfg = Release|Win32
		{A1EE5090-33F4-461E-8B55-CF422D722EF2}.Release|Win32.Build.0 = Release|Win32
		{A1EE5090-33F4-461E-8B55-CF422D722EF2}.ReleaseDebug|Win32.ActiveCfg = ReleaseDebug|Win32
		{A1EE5090-33F4-461E-8B55-CF422D722EF2}.ReleaseDebug|Win32.Build.0 = ReleaseDebug|Win32
	EndGlobalSection
	GlobalSection(SolutionProperties) = preSolution
		HideSolutionNode = FALSE
	EndGlobalSection
EndGlobal
