Microsoft Visual Studio Solution File, Format Version 9.00
# Visual Studio 2005
Project("{8BC9CEB8-8B4A-11D0-8D11-00A0C91BC942}") = "client", "client\client_8.vcproj", "{5792755F-5122-4145-B66A-FE04A650163C}"
	ProjectSection(ProjectDependencies) = postProject
		{1FEE8B42-BE4C-4E23-9101-0EA410D41E29} = {1FEE8B42-BE4C-4E23-9101-0EA410D41E29}
		{D6D97977-3610-40EE-AD46-41DD758DE7EB} = {D6D97977-3610-40EE-AD46-41DD758DE7EB}
		{2B48BE83-108B-4E8E-8A55-6627CF09AC5A} = {2B48BE83-108B-4E8E-8A55-6627CF09AC5A}
		{EDB369A3-D7A4-4593-982C-96DEF4F9D485} = {EDB369A3-D7A4-4593-982C-96DEF4F9D485}
		{67AF56A4-A228-4BFB-BDA8-026CBEDE8BF9} = {67AF56A4-A228-4BFB-BDA8-026CBEDE8BF9}
		{1D9576F6-3321-4036-8C86-B5361CCCD4FB} = {1D9576F6-3321-4036-8C86-B5361CCCD4FB}
		{9440443B-97BA-43C2-A762-31EEC8958BEE} = {9440443B-97BA-43C2-A762-31EEC8958BEE}
		{44B21233-EFCC-4825-B5E5-3A3BD6CC5516} = {44B21233-EFCC-4825-B5E5-3A3BD6CC5516}
	EndProjectSection
EndProject
Project("{8BC9CEB8-8B4A-11D0-8D11-00A0C91BC942}") = "frontend", "server\frontend\frontend_8.vcproj", "{B15398CD-B3F8-4E85-A8BD-6F64CE59F069}"
	ProjectSection(ProjectDependencies) = postProject
		{44B21233-EFCC-4825-B5E5-3A3BD6CC5516} = {44B21233-EFCC-4825-B5E5-3A3BD6CC5516}
		{67AF56A4-A228-4BFB-BDA8-026CBEDE8BF9} = {67AF56A4-A228-4BFB-BDA8-026CBEDE8BF9}
	EndProjectSection
EndProject
Project("{8BC9CEB8-8B4A-11D0-8D11-00A0C91BC942}") = "login_service", "..\nelns\login_service\login_service_8.vcproj", "{46F19C57-A609-4E14-BD14-B0C9615C1D03}"
	ProjectSection(ProjectDependencies) = postProject
		{44B21233-EFCC-4825-B5E5-3A3BD6CC5516} = {44B21233-EFCC-4825-B5E5-3A3BD6CC5516}
		{67AF56A4-A228-4BFB-BDA8-026CBEDE8BF9} = {67AF56A4-A228-4BFB-BDA8-026CBEDE8BF9}
	EndProjectSection
EndProject
Project("{8BC9CEB8-8B4A-11D0-8D11-00A0C91BC942}") = "position", "server\position\position_8.vcproj", "{96545AA0-6EDE-4514-A30B-3F24CCB1FCC9}"
	ProjectSection(ProjectDependencies) = postProject
		{44B21233-EFCC-4825-B5E5-3A3BD6CC5516} = {44B21233-EFCC-4825-B5E5-3A3BD6CC5516}
		{67AF56A4-A228-4BFB-BDA8-026CBEDE8BF9} = {67AF56A4-A228-4BFB-BDA8-026CBEDE8BF9}
	EndProjectSection
EndProject
Project("{8BC9CEB8-8B4A-11D0-8D11-00A0C91BC942}") = "chat", "server\chat\chat_8.vcproj", "{FF941B4E-16F2-4B24-BF8A-5589275FE7D4}"
	ProjectSection(ProjectDependencies) = postProject
		{44B21233-EFCC-4825-B5E5-3A3BD6CC5516} = {44B21233-EFCC-4825-B5E5-3A3BD6CC5516}
		{67AF56A4-A228-4BFB-BDA8-026CBEDE8BF9} = {67AF56A4-A228-4BFB-BDA8-026CBEDE8BF9}
	EndProjectSection
EndProject
Project("{8BC9CEB8-8B4A-11D0-8D11-00A0C91BC942}") = "misc", "..\nel\src\misc_8.vcproj", "{44B21233-EFCC-4825-B5E5-3A3BD6CC5516}"
EndProject
Project("{8BC9CEB8-8B4A-11D0-8D11-00A0C91BC942}") = "3d", "..\nel\src\3d_8.vcproj", "{2B48BE83-108B-4E8E-8A55-6627CF09AC5A}"
EndProject
Project("{8BC9CEB8-8B4A-11D0-8D11-00A0C91BC942}") = "net", "..\nel\src\net_8.vcproj", "{67AF56A4-A228-4BFB-BDA8-026CBEDE8BF9}"
EndProject
Project("{8BC9CEB8-8B4A-11D0-8D11-00A0C91BC942}") = "pacs", "..\nel\src\pacs_8.vcproj", "{D6D97977-3610-40EE-AD46-41DD758DE7EB}"
EndProject
Project("{8BC9CEB8-8B4A-11D0-8D11-00A0C91BC942}") = "driver_direct3d", "..\nel\src\3d\driver\direct3d\driver_direct3d_8.vcproj", "{1FEE8B42-BE4C-4E23-9101-0EA410D41E29}"
	ProjectSection(ProjectDependencies) = postProject
		{44B21233-EFCC-4825-B5E5-3A3BD6CC5516} = {44B21233-EFCC-4825-B5E5-3A3BD6CC5516}
		{2B48BE83-108B-4E8E-8A55-6627CF09AC5A} = {2B48BE83-108B-4E8E-8A55-6627CF09AC5A}
	EndProjectSection
EndProject
Project("{8BC9CEB8-8B4A-11D0-8D11-00A0C91BC942}") = "driver_opengl", "..\nel\src\3d\driver\opengl\driver_opengl_8.vcproj", "{1D9576F6-3321-4036-8C86-B5361CCCD4FB}"
	ProjectSection(ProjectDependencies) = postProject
		{44B21233-EFCC-4825-B5E5-3A3BD6CC5516} = {44B21233-EFCC-4825-B5E5-3A3BD6CC5516}
		{2B48BE83-108B-4E8E-8A55-6627CF09AC5A} = {2B48BE83-108B-4E8E-8A55-6627CF09AC5A}
	EndProjectSection
EndProject
Project("{2150E333-8FDC-42A3-9474-1A3956D46DE8}") = "nel", "nel", "{067FC8A0-052B-4622-A2E7-36889BE5DAFC}"
EndProject
Project("{2150E333-8FDC-42A3-9474-1A3956D46DE8}") = "nelns", "nelns", "{E938679E-6E78-4B74-9B61-D9C3FCB05929}"
EndProject
Project("{8BC9CEB8-8B4A-11D0-8D11-00A0C91BC942}") = "welcome_service", "..\nelns\welcome_service\welcome_service_8.vcproj", "{D9B8DD7A-45F5-4718-AFD2-743925F3EC7C}"
	ProjectSection(ProjectDependencies) = postProject
		{44B21233-EFCC-4825-B5E5-3A3BD6CC5516} = {44B21233-EFCC-4825-B5E5-3A3BD6CC5516}
		{67AF56A4-A228-4BFB-BDA8-026CBEDE8BF9} = {67AF56A4-A228-4BFB-BDA8-026CBEDE8BF9}
	EndProjectSection
EndProject
Project("{8BC9CEB8-8B4A-11D0-8D11-00A0C91BC942}") = "naming_service", "..\nelns\naming_service\naming_service_8.vcproj", "{28C6A107-445A-4411-A5E6-465B0FF24276}"
	ProjectSection(ProjectDependencies) = postProject
		{44B21233-EFCC-4825-B5E5-3A3BD6CC5516} = {44B21233-EFCC-4825-B5E5-3A3BD6CC5516}
		{67AF56A4-A228-4BFB-BDA8-026CBEDE8BF9} = {67AF56A4-A228-4BFB-BDA8-026CBEDE8BF9}
	EndProjectSection
EndProject
Project("{8BC9CEB8-8B4A-11D0-8D11-00A0C91BC942}") = "sound", "..\nel\src\sound_8.vcproj", "{EDB369A3-D7A4-4593-982C-96DEF4F9D485}"
	ProjectSection(ProjectDependencies) = postProject
		{005838BE-F505-4C8C-958A-5719BC0BD5E4} = {005838BE-F505-4C8C-958A-5719BC0BD5E4}
		{AE9529CA-CA90-44D0-ADDA-6B26CD945FFF} = {AE9529CA-CA90-44D0-ADDA-6B26CD945FFF}
		{D430A4D6-9DCF-4252-B9D3-20EE5C2650A5} = {D430A4D6-9DCF-4252-B9D3-20EE5C2650A5}
	EndProjectSection
EndProject
Project("{8BC9CEB8-8B4A-11D0-8D11-00A0C91BC942}") = "georges", "..\nel\src\georges_8.vcproj", "{D430A4D6-9DCF-4252-B9D3-20EE5C2650A5}"
EndProject
Project("{8BC9CEB8-8B4A-11D0-8D11-00A0C91BC942}") = "ligo", "..\nel\src\ligo_8.vcproj", "{005838BE-F505-4C8C-958A-5719BC0BD5E4}"
EndProject
Project("{8BC9CEB8-8B4A-11D0-8D11-00A0C91BC942}") = "sound_lowlevel", "..\nel\src\sound\driver\sound_lowlevel_8.vcproj", "{AE9529CA-CA90-44D0-ADDA-6B26CD945FFF}"
EndProject
Project("{8BC9CEB8-8B4A-11D0-8D11-00A0C91BC942}") = "driver_fmod", "..\nel\src\sound\driver\fmod\driver_fmod_8.vcproj", "{9440443B-97BA-43C2-A762-31EEC8958BEE}"
	ProjectSection(ProjectDependencies) = postProject
		{44B21233-EFCC-4825-B5E5-3A3BD6CC5516} = {44B21233-EFCC-4825-B5E5-3A3BD6CC5516}
		{AE9529CA-CA90-44D0-ADDA-6B26CD945FFF} = {AE9529CA-CA90-44D0-ADDA-6B26CD945FFF}
	EndProjectSection
EndProject
Global
	GlobalSection(SolutionConfigurationPlatforms) = preSolution
		Debug|Win32 = Debug|Win32
		DebugFast|Win32 = DebugFast|Win32
		DebugStatic|Win32 = DebugStatic|Win32
		Release|Win32 = Release|Win32
		ReleaseDebug|Win32 = ReleaseDebug|Win32
		ReleaseDebugStatic|Win32 = ReleaseDebugStatic|Win32
	EndGlobalSection
	GlobalSection(ProjectConfigurationPlatforms) = postSolution
		{5792755F-5122-4145-B66A-FE04A650163C}.Debug|Win32.ActiveCfg = Debug|Win32
		{5792755F-5122-4145-B66A-FE04A650163C}.Debug|Win32.Build.0 = Debug|Win32
		{5792755F-5122-4145-B66A-FE04A650163C}.DebugFast|Win32.ActiveCfg = Debug|Win32
		{5792755F-5122-4145-B66A-FE04A650163C}.DebugFast|Win32.Build.0 = Debug|Win32
		{5792755F-5122-4145-B66A-FE04A650163C}.DebugStatic|Win32.ActiveCfg = Debug|Win32
		{5792755F-5122-4145-B66A-FE04A650163C}.DebugStatic|Win32.Build.0 = Debug|Win32
		{5792755F-5122-4145-B66A-FE04A650163C}.Release|Win32.ActiveCfg = Release|Win32
		{5792755F-5122-4145-B66A-FE04A650163C}.Release|Win32.Build.0 = Release|Win32
		{5792755F-5122-4145-B66A-FE04A650163C}.ReleaseDebug|Win32.ActiveCfg = ReleaseDebug|Win32
		{5792755F-5122-4145-B66A-FE04A650163C}.ReleaseDebug|Win32.Build.0 = ReleaseDebug|Win32
		{5792755F-5122-4145-B66A-FE04A650163C}.ReleaseDebugStatic|Win32.ActiveCfg = ReleaseDebug|Win32
		{5792755F-5122-4145-B66A-FE04A650163C}.ReleaseDebugStatic|Win32.Build.0 = ReleaseDebug|Win32
		{B15398CD-B3F8-4E85-A8BD-6F64CE59F069}.Debug|Win32.ActiveCfg = Debug|Win32
		{B15398CD-B3F8-4E85-A8BD-6F64CE59F069}.Debug|Win32.Build.0 = Debug|Win32
		{B15398CD-B3F8-4E85-A8BD-6F64CE59F069}.DebugFast|Win32.ActiveCfg = Debug|Win32
		{B15398CD-B3F8-4E85-A8BD-6F64CE59F069}.DebugFast|Win32.Build.0 = Debug|Win32
		{B15398CD-B3F8-4E85-A8BD-6F64CE59F069}.DebugStatic|Win32.ActiveCfg = Debug|Win32
		{B15398CD-B3F8-4E85-A8BD-6F64CE59F069}.DebugStatic|Win32.Build.0 = Debug|Win32
		{B15398CD-B3F8-4E85-A8BD-6F64CE59F069}.Release|Win32.ActiveCfg = Release|Win32
		{B15398CD-B3F8-4E85-A8BD-6F64CE59F069}.Release|Win32.Build.0 = Release|Win32
		{B15398CD-B3F8-4E85-A8BD-6F64CE59F069}.ReleaseDebug|Win32.ActiveCfg = ReleaseDebug|Win32
		{B15398CD-B3F8-4E85-A8BD-6F64CE59F069}.ReleaseDebug|Win32.Build.0 = ReleaseDebug|Win32
		{B15398CD-B3F8-4E85-A8BD-6F64CE59F069}.ReleaseDebugStatic|Win32.ActiveCfg = ReleaseDebug|Win32
		{B15398CD-B3F8-4E85-A8BD-6F64CE59F069}.ReleaseDebugStatic|Win32.Build.0 = ReleaseDebug|Win32
		{46F19C57-A609-4E14-BD14-B0C9615C1D03}.Debug|Win32.ActiveCfg = Debug|Win32
		{46F19C57-A609-4E14-BD14-B0C9615C1D03}.Debug|Win32.Build.0 = Debug|Win32
		{46F19C57-A609-4E14-BD14-B0C9615C1D03}.DebugFast|Win32.ActiveCfg = Debug|Win32
		{46F19C57-A609-4E14-BD14-B0C9615C1D03}.DebugFast|Win32.Build.0 = Debug|Win32
		{46F19C57-A609-4E14-BD14-B0C9615C1D03}.DebugStatic|Win32.ActiveCfg = Debug|Win32
		{46F19C57-A609-4E14-BD14-B0C9615C1D03}.DebugStatic|Win32.Build.0 = Debug|Win32
		{46F19C57-A609-4E14-BD14-B0C9615C1D03}.Release|Win32.ActiveCfg = Release|Win32
		{46F19C57-A609-4E14-BD14-B0C9615C1D03}.Release|Win32.Build.0 = Release|Win32
		{46F19C57-A609-4E14-BD14-B0C9615C1D03}.ReleaseDebug|Win32.ActiveCfg = ReleaseDebug|Win32
		{46F19C57-A609-4E14-BD14-B0C9615C1D03}.ReleaseDebug|Win32.Build.0 = ReleaseDebug|Win32
		{46F19C57-A609-4E14-BD14-B0C9615C1D03}.ReleaseDebugStatic|Win32.ActiveCfg = ReleaseDebug|Win32
		{46F19C57-A609-4E14-BD14-B0C9615C1D03}.ReleaseDebugStatic|Win32.Build.0 = ReleaseDebug|Win32
		{96545AA0-6EDE-4514-A30B-3F24CCB1FCC9}.Debug|Win32.ActiveCfg = Debug|Win32
		{96545AA0-6EDE-4514-A30B-3F24CCB1FCC9}.Debug|Win32.Build.0 = Debug|Win32
		{96545AA0-6EDE-4514-A30B-3F24CCB1FCC9}.DebugFast|Win32.ActiveCfg = Debug|Win32
		{96545AA0-6EDE-4514-A30B-3F24CCB1FCC9}.DebugFast|Win32.Build.0 = Debug|Win32
		{96545AA0-6EDE-4514-A30B-3F24CCB1FCC9}.DebugStatic|Win32.ActiveCfg = Debug|Win32
		{96545AA0-6EDE-4514-A30B-3F24CCB1FCC9}.DebugStatic|Win32.Build.0 = Debug|Win32
		{96545AA0-6EDE-4514-A30B-3F24CCB1FCC9}.Release|Win32.ActiveCfg = Release|Win32
		{96545AA0-6EDE-4514-A30B-3F24CCB1FCC9}.Release|Win32.Build.0 = Release|Win32
		{96545AA0-6EDE-4514-A30B-3F24CCB1FCC9}.ReleaseDebug|Win32.ActiveCfg = ReleaseDebug|Win32
		{96545AA0-6EDE-4514-A30B-3F24CCB1FCC9}.ReleaseDebug|Win32.Build.0 = ReleaseDebug|Win32
		{96545AA0-6EDE-4514-A30B-3F24CCB1FCC9}.ReleaseDebugStatic|Win32.ActiveCfg = ReleaseDebug|Win32
		{96545AA0-6EDE-4514-A30B-3F24CCB1FCC9}.ReleaseDebugStatic|Win32.Build.0 = ReleaseDebug|Win32
		{FF941B4E-16F2-4B24-BF8A-5589275FE7D4}.Debug|Win32.ActiveCfg = Debug|Win32
		{FF941B4E-16F2-4B24-BF8A-5589275FE7D4}.Debug|Win32.Build.0 = Debug|Win32
		{FF941B4E-16F2-4B24-BF8A-5589275FE7D4}.DebugFast|Win32.ActiveCfg = Debug|Win32
		{FF941B4E-16F2-4B24-BF8A-5589275FE7D4}.DebugFast|Win32.Build.0 = Debug|Win32
		{FF941B4E-16F2-4B24-BF8A-5589275FE7D4}.DebugStatic|Win32.ActiveCfg = Debug|Win32
		{FF941B4E-16F2-4B24-BF8A-5589275FE7D4}.DebugStatic|Win32.Build.0 = Debug|Win32
		{FF941B4E-16F2-4B24-BF8A-5589275FE7D4}.Release|Win32.ActiveCfg = Release|Win32
		{FF941B4E-16F2-4B24-BF8A-5589275FE7D4}.Release|Win32.Build.0 = Release|Win32
		{FF941B4E-16F2-4B24-BF8A-5589275FE7D4}.ReleaseDebug|Win32.ActiveCfg = ReleaseDebug|Win32
		{FF941B4E-16F2-4B24-BF8A-5589275FE7D4}.ReleaseDebug|Win32.Build.0 = ReleaseDebug|Win32
		{FF941B4E-16F2-4B24-BF8A-5589275FE7D4}.ReleaseDebugStatic|Win32.ActiveCfg = ReleaseDebug|Win32
		{FF941B4E-16F2-4B24-BF8A-5589275FE7D4}.ReleaseDebugStatic|Win32.Build.0 = ReleaseDebug|Win32
		{44B21233-EFCC-4825-B5E5-3A3BD6CC5516}.Debug|Win32.ActiveCfg = Debug|Win32
		{44B21233-EFCC-4825-B5E5-3A3BD6CC5516}.Debug|Win32.Build.0 = Debug|Win32
		{44B21233-EFCC-4825-B5E5-3A3BD6CC5516}.DebugFast|Win32.ActiveCfg = Debug|Win32
		{44B21233-EFCC-4825-B5E5-3A3BD6CC5516}.DebugFast|Win32.Build.0 = Debug|Win32
		{44B21233-EFCC-4825-B5E5-3A3BD6CC5516}.DebugStatic|Win32.ActiveCfg = DebugStatic|Win32
		{44B21233-EFCC-4825-B5E5-3A3BD6CC5516}.DebugStatic|Win32.Build.0 = DebugStatic|Win32
		{44B21233-EFCC-4825-B5E5-3A3BD6CC5516}.Release|Win32.ActiveCfg = Release|Win32
		{44B21233-EFCC-4825-B5E5-3A3BD6CC5516}.Release|Win32.Build.0 = Release|Win32
		{44B21233-EFCC-4825-B5E5-3A3BD6CC5516}.ReleaseDebug|Win32.ActiveCfg = ReleaseDebug|Win32
		{44B21233-EFCC-4825-B5E5-3A3BD6CC5516}.ReleaseDebug|Win32.Build.0 = ReleaseDebug|Win32
		{44B21233-EFCC-4825-B5E5-3A3BD6CC5516}.ReleaseDebugStatic|Win32.ActiveCfg = ReleaseDebugStatic|Win32
		{44B21233-EFCC-4825-B5E5-3A3BD6CC5516}.ReleaseDebugStatic|Win32.Build.0 = ReleaseDebugStatic|Win32
		{2B48BE83-108B-4E8E-8A55-6627CF09AC5A}.Debug|Win32.ActiveCfg = Debug|Win32
		{2B48BE83-108B-4E8E-8A55-6627CF09AC5A}.Debug|Win32.Build.0 = Debug|Win32
		{2B48BE83-108B-4E8E-8A55-6627CF09AC5A}.DebugFast|Win32.ActiveCfg = Debug|Win32
		{2B48BE83-108B-4E8E-8A55-6627CF09AC5A}.DebugFast|Win32.Build.0 = Debug|Win32
		{2B48BE83-108B-4E8E-8A55-6627CF09AC5A}.DebugStatic|Win32.ActiveCfg = DebugStatic|Win32
		{2B48BE83-108B-4E8E-8A55-6627CF09AC5A}.DebugStatic|Win32.Build.0 = DebugStatic|Win32
		{2B48BE83-108B-4E8E-8A55-6627CF09AC5A}.Release|Win32.ActiveCfg = Release|Win32
		{2B48BE83-108B-4E8E-8A55-6627CF09AC5A}.Release|Win32.Build.0 = Release|Win32
		{2B48BE83-108B-4E8E-8A55-6627CF09AC5A}.ReleaseDebug|Win32.ActiveCfg = ReleaseDebug|Win32
		{2B48BE83-108B-4E8E-8A55-6627CF09AC5A}.ReleaseDebug|Win32.Build.0 = ReleaseDebug|Win32
		{2B48BE83-108B-4E8E-8A55-6627CF09AC5A}.ReleaseDebugStatic|Win32.ActiveCfg = ReleaseDebugStatic|Win32
		{2B48BE83-108B-4E8E-8A55-6627CF09AC5A}.ReleaseDebugStatic|Win32.Build.0 = ReleaseDebugStatic|Win32
		{67AF56A4-A228-4BFB-BDA8-026CBEDE8BF9}.Debug|Win32.ActiveCfg = Debug|Win32
		{67AF56A4-A228-4BFB-BDA8-026CBEDE8BF9}.Debug|Win32.Build.0 = Debug|Win32
		{67AF56A4-A228-4BFB-BDA8-026CBEDE8BF9}.DebugFast|Win32.ActiveCfg = Debug|Win32
		{67AF56A4-A228-4BFB-BDA8-026CBEDE8BF9}.DebugFast|Win32.Build.0 = Debug|Win32
		{67AF56A4-A228-4BFB-BDA8-026CBEDE8BF9}.DebugStatic|Win32.ActiveCfg = DebugStatic|Win32
		{67AF56A4-A228-4BFB-BDA8-026CBEDE8BF9}.DebugStatic|Win32.Build.0 = DebugStatic|Win32
		{67AF56A4-A228-4BFB-BDA8-026CBEDE8BF9}.Release|Win32.ActiveCfg = Release|Win32
		{67AF56A4-A228-4BFB-BDA8-026CBEDE8BF9}.Release|Win32.Build.0 = Release|Win32
		{67AF56A4-A228-4BFB-BDA8-026CBEDE8BF9}.ReleaseDebug|Win32.ActiveCfg = ReleaseDebug|Win32
		{67AF56A4-A228-4BFB-BDA8-026CBEDE8BF9}.ReleaseDebug|Win32.Build.0 = ReleaseDebug|Win32
		{67AF56A4-A228-4BFB-BDA8-026CBEDE8BF9}.ReleaseDebugStatic|Win32.ActiveCfg = ReleaseDebugStatic|Win32
		{67AF56A4-A228-4BFB-BDA8-026CBEDE8BF9}.ReleaseDebugStatic|Win32.Build.0 = ReleaseDebugStatic|Win32
		{D6D97977-3610-40EE-AD46-41DD758DE7EB}.Debug|Win32.ActiveCfg = Debug|Win32
		{D6D97977-3610-40EE-AD46-41DD758DE7EB}.Debug|Win32.Build.0 = Debug|Win32
		{D6D97977-3610-40EE-AD46-41DD758DE7EB}.DebugFast|Win32.ActiveCfg = Debug|Win32
		{D6D97977-3610-40EE-AD46-41DD758DE7EB}.DebugFast|Win32.Build.0 = Debug|Win32
		{D6D97977-3610-40EE-AD46-41DD758DE7EB}.DebugStatic|Win32.ActiveCfg = DebugStatic|Win32
		{D6D97977-3610-40EE-AD46-41DD758DE7EB}.DebugStatic|Win32.Build.0 = DebugStatic|Win32
		{D6D97977-3610-40EE-AD46-41DD758DE7EB}.Release|Win32.ActiveCfg = Release|Win32
		{D6D97977-3610-40EE-AD46-41DD758DE7EB}.Release|Win32.Build.0 = Release|Win32
		{D6D97977-3610-40EE-AD46-41DD758DE7EB}.ReleaseDebug|Win32.ActiveCfg = ReleaseDebug|Win32
		{D6D97977-3610-40EE-AD46-41DD758DE7EB}.ReleaseDebug|Win32.Build.0 = ReleaseDebug|Win32
		{D6D97977-3610-40EE-AD46-41DD758DE7EB}.ReleaseDebugStatic|Win32.ActiveCfg = ReleaseDebugStatic|Win32
		{D6D97977-3610-40EE-AD46-41DD758DE7EB}.ReleaseDebugStatic|Win32.Build.0 = ReleaseDebugStatic|Win32
		{1FEE8B42-BE4C-4E23-9101-0EA410D41E29}.Debug|Win32.ActiveCfg = Debug|Win32
		{1FEE8B42-BE4C-4E23-9101-0EA410D41E29}.Debug|Win32.Build.0 = Debug|Win32
		{1FEE8B42-BE4C-4E23-9101-0EA410D41E29}.DebugFast|Win32.ActiveCfg = Debug|Win32
		{1FEE8B42-BE4C-4E23-9101-0EA410D41E29}.DebugFast|Win32.Build.0 = Debug|Win32
		{1FEE8B42-BE4C-4E23-9101-0EA410D41E29}.DebugStatic|Win32.ActiveCfg = Debug|Win32
		{1FEE8B42-BE4C-4E23-9101-0EA410D41E29}.DebugStatic|Win32.Build.0 = Debug|Win32
		{1FEE8B42-BE4C-4E23-9101-0EA410D41E29}.Release|Win32.ActiveCfg = Release|Win32
		{1FEE8B42-BE4C-4E23-9101-0EA410D41E29}.Release|Win32.Build.0 = Release|Win32
		{1FEE8B42-BE4C-4E23-9101-0EA410D41E29}.ReleaseDebug|Win32.ActiveCfg = ReleaseDebug|Win32
		{1FEE8B42-BE4C-4E23-9101-0EA410D41E29}.ReleaseDebug|Win32.Build.0 = ReleaseDebug|Win32
		{1FEE8B42-BE4C-4E23-9101-0EA410D41E29}.ReleaseDebugStatic|Win32.ActiveCfg = ReleaseDebug|Win32
		{1FEE8B42-BE4C-4E23-9101-0EA410D41E29}.ReleaseDebugStatic|Win32.Build.0 = ReleaseDebug|Win32
		{1D9576F6-3321-4036-8C86-B5361CCCD4FB}.Debug|Win32.ActiveCfg = Debug|Win32
		{1D9576F6-3321-4036-8C86-B5361CCCD4FB}.Debug|Win32.Build.0 = Debug|Win32
		{1D9576F6-3321-4036-8C86-B5361CCCD4FB}.DebugFast|Win32.ActiveCfg = DebugFast|Win32
		{1D9576F6-3321-4036-8C86-B5361CCCD4FB}.DebugFast|Win32.Build.0 = DebugFast|Win32
		{1D9576F6-3321-4036-8C86-B5361CCCD4FB}.DebugStatic|Win32.ActiveCfg = Debug|Win32
		{1D9576F6-3321-4036-8C86-B5361CCCD4FB}.DebugStatic|Win32.Build.0 = Debug|Win32
		{1D9576F6-3321-4036-8C86-B5361CCCD4FB}.Release|Win32.ActiveCfg = Release|Win32
		{1D9576F6-3321-4036-8C86-B5361CCCD4FB}.Release|Win32.Build.0 = Release|Win32
		{1D9576F6-3321-4036-8C86-B5361CCCD4FB}.ReleaseDebug|Win32.ActiveCfg = ReleaseDebug|Win32
		{1D9576F6-3321-4036-8C86-B5361CCCD4FB}.ReleaseDebug|Win32.Build.0 = ReleaseDebug|Win32
		{1D9576F6-3321-4036-8C86-B5361CCCD4FB}.ReleaseDebugStatic|Win32.ActiveCfg = ReleaseDebug|Win32
		{1D9576F6-3321-4036-8C86-B5361CCCD4FB}.ReleaseDebugStatic|Win32.Build.0 = ReleaseDebug|Win32
		{D9B8DD7A-45F5-4718-AFD2-743925F3EC7C}.Debug|Win32.ActiveCfg = Debug|Win32
		{D9B8DD7A-45F5-4718-AFD2-743925F3EC7C}.Debug|Win32.Build.0 = Debug|Win32
		{D9B8DD7A-45F5-4718-AFD2-743925F3EC7C}.DebugFast|Win32.ActiveCfg = DebugFast|Win32
		{D9B8DD7A-45F5-4718-AFD2-743925F3EC7C}.DebugFast|Win32.Build.0 = DebugFast|Win32
		{D9B8DD7A-45F5-4718-AFD2-743925F3EC7C}.DebugStatic|Win32.ActiveCfg = DebugFast|Win32
		{D9B8DD7A-45F5-4718-AFD2-743925F3EC7C}.DebugStatic|Win32.Build.0 = DebugFast|Win32
		{D9B8DD7A-45F5-4718-AFD2-743925F3EC7C}.Release|Win32.ActiveCfg = Release|Win32
		{D9B8DD7A-45F5-4718-AFD2-743925F3EC7C}.Release|Win32.Build.0 = Release|Win32
		{D9B8DD7A-45F5-4718-AFD2-743925F3EC7C}.ReleaseDebug|Win32.ActiveCfg = ReleaseDebug|Win32
		{D9B8DD7A-45F5-4718-AFD2-743925F3EC7C}.ReleaseDebug|Win32.Build.0 = ReleaseDebug|Win32
		{D9B8DD7A-45F5-4718-AFD2-743925F3EC7C}.ReleaseDebugStatic|Win32.ActiveCfg = ReleaseDebug|Win32
		{D9B8DD7A-45F5-4718-AFD2-743925F3EC7C}.ReleaseDebugStatic|Win32.Build.0 = ReleaseDebug|Win32
		{28C6A107-445A-4411-A5E6-465B0FF24276}.Debug|Win32.ActiveCfg = Debug|Win32
		{28C6A107-445A-4411-A5E6-465B0FF24276}.Debug|Win32.Build.0 = Debug|Win32
		{28C6A107-445A-4411-A5E6-465B0FF24276}.DebugFast|Win32.ActiveCfg = DebugFast|Win32
		{28C6A107-445A-4411-A5E6-465B0FF24276}.DebugFast|Win32.Build.0 = DebugFast|Win32
		{28C6A107-445A-4411-A5E6-465B0FF24276}.DebugStatic|Win32.ActiveCfg = DebugFast|Win32
		{28C6A107-445A-4411-A5E6-465B0FF24276}.DebugStatic|Win32.Build.0 = DebugFast|Win32
		{28C6A107-445A-4411-A5E6-465B0FF24276}.Release|Win32.ActiveCfg = Release|Win32
		{28C6A107-445A-4411-A5E6-465B0FF24276}.Release|Win32.Build.0 = Release|Win32
		{28C6A107-445A-4411-A5E6-465B0FF24276}.ReleaseDebug|Win32.ActiveCfg = ReleaseDebug|Win32
		{28C6A107-445A-4411-A5E6-465B0FF24276}.ReleaseDebug|Win32.Build.0 = ReleaseDebug|Win32
		{28C6A107-445A-4411-A5E6-465B0FF24276}.ReleaseDebugStatic|Win32.ActiveCfg = ReleaseDebug|Win32
		{28C6A107-445A-4411-A5E6-465B0FF24276}.ReleaseDebugStatic|Win32.Build.0 = ReleaseDebug|Win32
		{EDB369A3-D7A4-4593-982C-96DEF4F9D485}.Debug|Win32.ActiveCfg = Debug|Win32
		{EDB369A3-D7A4-4593-982C-96DEF4F9D485}.Debug|Win32.Build.0 = Debug|Win32
		{EDB369A3-D7A4-4593-982C-96DEF4F9D485}.DebugFast|Win32.ActiveCfg = DebugFast|Win32
		{EDB369A3-D7A4-4593-982C-96DEF4F9D485}.DebugFast|Win32.Build.0 = DebugFast|Win32
		{EDB369A3-D7A4-4593-982C-96DEF4F9D485}.DebugStatic|Win32.ActiveCfg = DebugStatic|Win32
		{EDB369A3-D7A4-4593-982C-96DEF4F9D485}.DebugStatic|Win32.Build.0 = DebugStatic|Win32
		{EDB369A3-D7A4-4593-982C-96DEF4F9D485}.Release|Win32.ActiveCfg = Release|Win32
		{EDB369A3-D7A4-4593-982C-96DEF4F9D485}.Release|Win32.Build.0 = Release|Win32
		{EDB369A3-D7A4-4593-982C-96DEF4F9D485}.ReleaseDebug|Win32.ActiveCfg = ReleaseDebug|Win32
		{EDB369A3-D7A4-4593-982C-96DEF4F9D485}.ReleaseDebug|Win32.Build.0 = ReleaseDebug|Win32
		{EDB369A3-D7A4-4593-982C-96DEF4F9D485}.ReleaseDebugStatic|Win32.ActiveCfg = ReleaseDebugStatic|Win32
		{EDB369A3-D7A4-4593-982C-96DEF4F9D485}.ReleaseDebugStatic|Win32.Build.0 = ReleaseDebugStatic|Win32
		{D430A4D6-9DCF-4252-B9D3-20EE5C2650A5}.Debug|Win32.ActiveCfg = Debug|Win32
		{D430A4D6-9DCF-4252-B9D3-20EE5C2650A5}.Debug|Win32.Build.0 = Debug|Win32
		{D430A4D6-9DCF-4252-B9D3-20EE5C2650A5}.DebugFast|Win32.ActiveCfg = DebugFast|Win32
		{D430A4D6-9DCF-4252-B9D3-20EE5C2650A5}.DebugFast|Win32.Build.0 = DebugFast|Win32
		{D430A4D6-9DCF-4252-B9D3-20EE5C2650A5}.DebugStatic|Win32.ActiveCfg = DebugStatic|Win32
		{D430A4D6-9DCF-4252-B9D3-20EE5C2650A5}.DebugStatic|Win32.Build.0 = DebugStatic|Win32
		{D430A4D6-9DCF-4252-B9D3-20EE5C2650A5}.Release|Win32.ActiveCfg = Release|Win32
		{D430A4D6-9DCF-4252-B9D3-20EE5C2650A5}.Release|Win32.Build.0 = Release|Win32
		{D430A4D6-9DCF-4252-B9D3-20EE5C2650A5}.ReleaseDebug|Win32.ActiveCfg = ReleaseDebug|Win32
		{D430A4D6-9DCF-4252-B9D3-20EE5C2650A5}.ReleaseDebug|Win32.Build.0 = ReleaseDebug|Win32
		{D430A4D6-9DCF-4252-B9D3-20EE5C2650A5}.ReleaseDebugStatic|Win32.ActiveCfg = ReleaseDebugStatic|Win32
		{D430A4D6-9DCF-4252-B9D3-20EE5C2650A5}.ReleaseDebugStatic|Win32.Build.0 = ReleaseDebugStatic|Win32
		{005838BE-F505-4C8C-958A-5719BC0BD5E4}.Debug|Win32.ActiveCfg = Debug|Win32
		{005838BE-F505-4C8C-958A-5719BC0BD5E4}.Debug|Win32.Build.0 = Debug|Win32
		{005838BE-F505-4C8C-958A-5719BC0BD5E4}.DebugFast|Win32.ActiveCfg = DebugFast|Win32
		{005838BE-F505-4C8C-958A-5719BC0BD5E4}.DebugFast|Win32.Build.0 = DebugFast|Win32
		{005838BE-F505-4C8C-958A-5719BC0BD5E4}.DebugStatic|Win32.ActiveCfg = DebugStatic|Win32
		{005838BE-F505-4C8C-958A-5719BC0BD5E4}.DebugStatic|Win32.Build.0 = DebugStatic|Win32
		{005838BE-F505-4C8C-958A-5719BC0BD5E4}.Release|Win32.ActiveCfg = Release|Win32
		{005838BE-F505-4C8C-958A-5719BC0BD5E4}.Release|Win32.Build.0 = Release|Win32
		{005838BE-F505-4C8C-958A-5719BC0BD5E4}.ReleaseDebug|Win32.ActiveCfg = ReleaseDebug|Win32
		{005838BE-F505-4C8C-958A-5719BC0BD5E4}.ReleaseDebug|Win32.Build.0 = ReleaseDebug|Win32
		{005838BE-F505-4C8C-958A-5719BC0BD5E4}.ReleaseDebugStatic|Win32.ActiveCfg = ReleaseDebugStatic|Win32
		{005838BE-F505-4C8C-958A-5719BC0BD5E4}.ReleaseDebugStatic|Win32.Build.0 = ReleaseDebugStatic|Win32
		{AE9529CA-CA90-44D0-ADDA-6B26CD945FFF}.Debug|Win32.ActiveCfg = Debug|Win32
		{AE9529CA-CA90-44D0-ADDA-6B26CD945FFF}.Debug|Win32.Build.0 = Debug|Win32
		{AE9529CA-CA90-44D0-ADDA-6B26CD945FFF}.DebugFast|Win32.ActiveCfg = DebugFast|Win32
		{AE9529CA-CA90-44D0-ADDA-6B26CD945FFF}.DebugFast|Win32.Build.0 = DebugFast|Win32
		{AE9529CA-CA90-44D0-ADDA-6B26CD945FFF}.DebugStatic|Win32.ActiveCfg = DebugStatic|Win32
		{AE9529CA-CA90-44D0-ADDA-6B26CD945FFF}.DebugStatic|Win32.Build.0 = DebugStatic|Win32
		{AE9529CA-CA90-44D0-ADDA-6B26CD945FFF}.Release|Win32.ActiveCfg = Release|Win32
		{AE9529CA-CA90-44D0-ADDA-6B26CD945FFF}.Release|Win32.Build.0 = Release|Win32
		{AE9529CA-CA90-44D0-ADDA-6B26CD945FFF}.ReleaseDebug|Win32.ActiveCfg = ReleaseDebug|Win32
		{AE9529CA-CA90-44D0-ADDA-6B26CD945FFF}.ReleaseDebug|Win32.Build.0 = ReleaseDebug|Win32
		{AE9529CA-CA90-44D0-ADDA-6B26CD945FFF}.ReleaseDebugStatic|Win32.ActiveCfg = ReleaseDebugStatic|Win32
		{AE9529CA-CA90-44D0-ADDA-6B26CD945FFF}.ReleaseDebugStatic|Win32.Build.0 = ReleaseDebugStatic|Win32
		{9440443B-97BA-43C2-A762-31EEC8958BEE}.Debug|Win32.ActiveCfg = Debug|Win32
		{9440443B-97BA-43C2-A762-31EEC8958BEE}.Debug|Win32.Build.0 = Debug|Win32
		{9440443B-97BA-43C2-A762-31EEC8958BEE}.DebugFast|Win32.ActiveCfg = DebugFast|Win32
		{9440443B-97BA-43C2-A762-31EEC8958BEE}.DebugFast|Win32.Build.0 = DebugFast|Win32
		{9440443B-97BA-43C2-A762-31EEC8958BEE}.DebugStatic|Win32.ActiveCfg = Debug|Win32
		{9440443B-97BA-43C2-A762-31EEC8958BEE}.DebugStatic|Win32.Build.0 = Debug|Win32
		{9440443B-97BA-43C2-A762-31EEC8958BEE}.Release|Win32.ActiveCfg = Release|Win32
		{9440443B-97BA-43C2-A762-31EEC8958BEE}.Release|Win32.Build.0 = Release|Win32
		{9440443B-97BA-43C2-A762-31EEC8958BEE}.ReleaseDebug|Win32.ActiveCfg = ReleaseDebug|Win32
		{9440443B-97BA-43C2-A762-31EEC8958BEE}.ReleaseDebug|Win32.Build.0 = ReleaseDebug|Win32
		{9440443B-97BA-43C2-A762-31EEC8958BEE}.ReleaseDebugStatic|Win32.ActiveCfg = ReleaseDebug|Win32
		{9440443B-97BA-43C2-A762-31EEC8958BEE}.ReleaseDebugStatic|Win32.Build.0 = ReleaseDebug|Win32
	EndGlobalSection
	GlobalSection(SolutionProperties) = preSolution
		HideSolutionNode = FALSE
	EndGlobalSection
	GlobalSection(NestedProjects) = preSolution
		{46F19C57-A609-4E14-BD14-B0C9615C1D03} = {E938679E-6E78-4B74-9B61-D9C3FCB05929}
		{D9B8DD7A-45F5-4718-AFD2-743925F3EC7C} = {E938679E-6E78-4B74-9B61-D9C3FCB05929}
		{28C6A107-445A-4411-A5E6-465B0FF24276} = {E938679E-6E78-4B74-9B61-D9C3FCB05929}
		{2B48BE83-108B-4E8E-8A55-6627CF09AC5A} = {067FC8A0-052B-4622-A2E7-36889BE5DAFC}
		{67AF56A4-A228-4BFB-BDA8-026CBEDE8BF9} = {067FC8A0-052B-4622-A2E7-36889BE5DAFC}
		{D6D97977-3610-40EE-AD46-41DD758DE7EB} = {067FC8A0-052B-4622-A2E7-36889BE5DAFC}
		{1FEE8B42-BE4C-4E23-9101-0EA410D41E29} = {067FC8A0-052B-4622-A2E7-36889BE5DAFC}
		{1D9576F6-3321-4036-8C86-B5361CCCD4FB} = {067FC8A0-052B-4622-A2E7-36889BE5DAFC}
		{44B21233-EFCC-4825-B5E5-3A3BD6CC5516} = {067FC8A0-052B-4622-A2E7-36889BE5DAFC}
		{EDB369A3-D7A4-4593-982C-96DEF4F9D485} = {067FC8A0-052B-4622-A2E7-36889BE5DAFC}
		{D430A4D6-9DCF-4252-B9D3-20EE5C2650A5} = {067FC8A0-052B-4622-A2E7-36889BE5DAFC}
		{005838BE-F505-4C8C-958A-5719BC0BD5E4} = {067FC8A0-052B-4622-A2E7-36889BE5DAFC}
		{AE9529CA-CA90-44D0-ADDA-6B26CD945FFF} = {067FC8A0-052B-4622-A2E7-36889BE5DAFC}
		{9440443B-97BA-43C2-A762-31EEC8958BEE} = {067FC8A0-052B-4622-A2E7-36889BE5DAFC}
	EndGlobalSection
EndGlobal
