
Microsoft Visual Studio Solution File, Format Version 10.00
# Visual Studio 2008
Project("{8BC9CEB8-8B4A-11D0-8D11-00A0C91BC942}") = "ren_date", "ren_date_vs90.vcproj", "{76FE68B4-653F-4D61-8EA5-D5EBCB8FA2A0}"
EndProject
Global
	GlobalSection(SolutionConfigurationPlatforms) = preSolution
		Debug|Win32 = Debug|Win32
		DebugFast|Win32 = DebugFast|Win32
		Release|Win32 = Release|Win32
	EndGlobalSection
	GlobalSection(ProjectConfigurationPlatforms) = postSolution
		{76FE68B4-653F-4D61-8EA5-D5EBCB8FA2A0}.Debug|Win32.ActiveCfg = Debug|Win32
		{76FE68B4-653F-4D61-8EA5-D5EBCB8FA2A0}.Debug|Win32.Build.0 = Debug|Win32
		{76FE68B4-653F-4D61-8EA5-D5EBCB8FA2A0}.DebugFast|Win32.ActiveCfg = DebugFast|Win32
		{76FE68B4-653F-4D61-8EA5-D5EBCB8FA2A0}.DebugFast|Win32.Build.0 = DebugFast|Win32
		{76FE68B4-653F-4D61-8EA5-D5EBCB8FA2A0}.Release|Win32.ActiveCfg = Release|Win32
		{76FE68B4-653F-4D61-8EA5-D5EBCB8FA2A0}.Release|Win32.Build.0 = Release|Win32
	EndGlobalSection
	GlobalSection(SolutionProperties) = preSolution
		HideSolutionNode = FALSE
	EndGlobalSection
EndGlobal
