
Microsoft Visual Studio Solution File, Format Version 10.00
# Visual Studio 2008
Project("{8BC9CEB8-8B4A-11D0-8D11-00A0C91BC942}") = "driver_xaudio2", "driver_xaudio2_vs90.vcproj", "{33132EB7-CDBF-4D0D-9593-494E83681084}"
	ProjectSection(ProjectDependencies) = postProject
		{44B21233-EFCC-4825-B5E5-3A3BD6CC5516} = {44B21233-EFCC-4825-B5E5-3A3BD6CC5516}
		{AE9529CA-CA90-44D0-ADDA-6B26CD945FFF} = {AE9529CA-CA90-44D0-ADDA-6B26CD945FFF}
	EndProjectSection
EndProject
Project("{8BC9CEB8-8B4A-11D0-8D11-00A0C91BC942}") = "sound_lowlevel", "..\sound_lowlevel_vs90.vcproj", "{AE9529CA-CA90-44D0-ADDA-6B26CD945FFF}"
EndProject
Project("{8BC9CEB8-8B4A-11D0-8D11-00A0C91BC942}") = "sound", "..\..\..\sound_vs90.vcproj", "{EDB369A3-D7A4-4593-982C-96DEF4F9D485}"
EndProject
Project("{8BC9CEB8-8B4A-11D0-8D11-00A0C91BC942}") = "misc", "..\..\..\misc_vs90.vcproj", "{44B21233-EFCC-4825-B5E5-3A3BD6CC5516}"
EndProject
Project("{8BC9CEB8-8B4A-11D0-8D11-00A0C91BC942}") = "sound_sources", "..\..\..\..\samples\sound_sources\sound_sources_vs90.vcproj", "{1647939B-7728-4662-858D-E2BD5699F127}"
	ProjectSection(ProjectDependencies) = postProject
		{44B21233-EFCC-4825-B5E5-3A3BD6CC5516} = {44B21233-EFCC-4825-B5E5-3A3BD6CC5516}
		{2B48BE83-108B-4E8E-8A55-6627CF09AC5A} = {2B48BE83-108B-4E8E-8A55-6627CF09AC5A}
		{EDB369A3-D7A4-4593-982C-96DEF4F9D485} = {EDB369A3-D7A4-4593-982C-96DEF4F9D485}
		{005838BE-F505-4C8C-958A-5719BC0BD5E4} = {005838BE-F505-4C8C-958A-5719BC0BD5E4}
		{AE9529CA-CA90-44D0-ADDA-6B26CD945FFF} = {AE9529CA-CA90-44D0-ADDA-6B26CD945FFF}
		{D430A4D6-9DCF-4252-B9D3-20EE5C2650A5} = {D430A4D6-9DCF-4252-B9D3-20EE5C2650A5}
	EndProjectSection
EndProject
Project("{8BC9CEB8-8B4A-11D0-8D11-00A0C91BC942}") = "georges", "..\..\..\georges_vs90.vcproj", "{D430A4D6-9DCF-4252-B9D3-20EE5C2650A5}"
EndProject
Project("{8BC9CEB8-8B4A-11D0-8D11-00A0C91BC942}") = "ligo", "..\..\..\ligo_vs90.vcproj", "{005838BE-F505-4C8C-958A-5719BC0BD5E4}"
EndProject
Project("{8BC9CEB8-8B4A-11D0-8D11-00A0C91BC942}") = "3d", "..\..\..\3d_vs90.vcproj", "{2B48BE83-108B-4E8E-8A55-6627CF09AC5A}"
EndProject
Project("{8BC9CEB8-8B4A-11D0-8D11-00A0C91BC942}") = "driver_dsound", "..\dsound\driver_dsound_vs90.vcproj", "{309F8A55-BFBA-433B-8C3E-CB2223F799C3}"
	ProjectSection(ProjectDependencies) = postProject
		{44B21233-EFCC-4825-B5E5-3A3BD6CC5516} = {44B21233-EFCC-4825-B5E5-3A3BD6CC5516}
		{AE9529CA-CA90-44D0-ADDA-6B26CD945FFF} = {AE9529CA-CA90-44D0-ADDA-6B26CD945FFF}
	EndProjectSection
EndProject
Project("{8BC9CEB8-8B4A-11D0-8D11-00A0C91BC942}") = "driver_fmod", "..\fmod\driver_fmod_vs90.vcproj", "{9440443B-97BA-43C2-A762-31EEC8958BEE}"
	ProjectSection(ProjectDependencies) = postProject
		{44B21233-EFCC-4825-B5E5-3A3BD6CC5516} = {44B21233-EFCC-4825-B5E5-3A3BD6CC5516}
		{AE9529CA-CA90-44D0-ADDA-6B26CD945FFF} = {AE9529CA-CA90-44D0-ADDA-6B26CD945FFF}
	EndProjectSection
EndProject
Project("{8BC9CEB8-8B4A-11D0-8D11-00A0C91BC942}") = "driver_openal", "..\openal\driver_openal_vs90.vcproj", "{1A4B6D56-4BD8-435F-9D2A-B3F102F6E5DD}"
	ProjectSection(ProjectDependencies) = postProject
		{44B21233-EFCC-4825-B5E5-3A3BD6CC5516} = {44B21233-EFCC-4825-B5E5-3A3BD6CC5516}
		{AE9529CA-CA90-44D0-ADDA-6B26CD945FFF} = {AE9529CA-CA90-44D0-ADDA-6B26CD945FFF}
	EndProjectSection
EndProject
Project("{2150E333-8FDC-42A3-9474-1A3956D46DE8}") = "drivers", "drivers", "{D5EB90FD-DE66-4E29-818A-E041A681BFED}"
EndProject
Project("{2150E333-8FDC-42A3-9474-1A3956D46DE8}") = "samples", "samples", "{2067E0EC-4774-4542-BEE2-F9C4C6AED24C}"
EndProject
Project("{8BC9CEB8-8B4A-11D0-8D11-00A0C91BC942}") = "music_test", "..\..\..\..\samples\sound\music_test\music_test_vs90.vcproj", "{1901F827-B0C6-40A1-B904-4E71E15C95A7}"
	ProjectSection(ProjectDependencies) = postProject
		{44B21233-EFCC-4825-B5E5-3A3BD6CC5516} = {44B21233-EFCC-4825-B5E5-3A3BD6CC5516}
		{2B48BE83-108B-4E8E-8A55-6627CF09AC5A} = {2B48BE83-108B-4E8E-8A55-6627CF09AC5A}
		{EDB369A3-D7A4-4593-982C-96DEF4F9D485} = {EDB369A3-D7A4-4593-982C-96DEF4F9D485}
		{005838BE-F505-4C8C-958A-5719BC0BD5E4} = {005838BE-F505-4C8C-958A-5719BC0BD5E4}
		{AE9529CA-CA90-44D0-ADDA-6B26CD945FFF} = {AE9529CA-CA90-44D0-ADDA-6B26CD945FFF}
		{D430A4D6-9DCF-4252-B9D3-20EE5C2650A5} = {D430A4D6-9DCF-4252-B9D3-20EE5C2650A5}
	EndProjectSection
EndProject
Project("{8BC9CEB8-8B4A-11D0-8D11-00A0C91BC942}") = "music_player", "..\..\..\..\samples\sound\music_player\music_player.vcproj", "{0B1D3450-3CA8-43AC-8F82-42927EFBBA31}"
	ProjectSection(ProjectDependencies) = postProject
		{44B21233-EFCC-4825-B5E5-3A3BD6CC5516} = {44B21233-EFCC-4825-B5E5-3A3BD6CC5516}
		{2B48BE83-108B-4E8E-8A55-6627CF09AC5A} = {2B48BE83-108B-4E8E-8A55-6627CF09AC5A}
		{EDB369A3-D7A4-4593-982C-96DEF4F9D485} = {EDB369A3-D7A4-4593-982C-96DEF4F9D485}
		{005838BE-F505-4C8C-958A-5719BC0BD5E4} = {005838BE-F505-4C8C-958A-5719BC0BD5E4}
		{AE9529CA-CA90-44D0-ADDA-6B26CD945FFF} = {AE9529CA-CA90-44D0-ADDA-6B26CD945FFF}
		{D430A4D6-9DCF-4252-B9D3-20EE5C2650A5} = {D430A4D6-9DCF-4252-B9D3-20EE5C2650A5}
	EndProjectSection
EndProject
Global
	GlobalSection(SolutionConfigurationPlatforms) = preSolution
		Debug|Win32 = Debug|Win32
		DebugFast|Win32 = DebugFast|Win32
		DebugStatic|Win32 = DebugStatic|Win32
		Release|Win32 = Release|Win32
		ReleaseDebug|Win32 = ReleaseDebug|Win32
		ReleaseDebugStatic|Win32 = ReleaseDebugStatic|Win32
	EndGlobalSection
	GlobalSection(ProjectConfigurationPlatforms) = postSolution
		{33132EB7-CDBF-4D0D-9593-494E83681084}.Debug|Win32.ActiveCfg = Debug|Win32
		{33132EB7-CDBF-4D0D-9593-494E83681084}.Debug|Win32.Build.0 = Debug|Win32
		{33132EB7-CDBF-4D0D-9593-494E83681084}.DebugFast|Win32.ActiveCfg = DebugFast|Win32
		{33132EB7-CDBF-4D0D-9593-494E83681084}.DebugFast|Win32.Build.0 = DebugFast|Win32
		{33132EB7-CDBF-4D0D-9593-494E83681084}.DebugStatic|Win32.ActiveCfg = DebugStatic|Win32
		{33132EB7-CDBF-4D0D-9593-494E83681084}.DebugStatic|Win32.Build.0 = DebugStatic|Win32
		{33132EB7-CDBF-4D0D-9593-494E83681084}.Release|Win32.ActiveCfg = Release|Win32
		{33132EB7-CDBF-4D0D-9593-494E83681084}.Release|Win32.Build.0 = Release|Win32
		{33132EB7-CDBF-4D0D-9593-494E83681084}.ReleaseDebug|Win32.ActiveCfg = ReleaseDebug|Win32
		{33132EB7-CDBF-4D0D-9593-494E83681084}.ReleaseDebug|Win32.Build.0 = ReleaseDebug|Win32
		{33132EB7-CDBF-4D0D-9593-494E83681084}.ReleaseDebugStatic|Win32.ActiveCfg = ReleaseDebugStatic|Win32
		{33132EB7-CDBF-4D0D-9593-494E83681084}.ReleaseDebugStatic|Win32.Build.0 = ReleaseDebugStatic|Win32
		{AE9529CA-CA90-44D0-ADDA-6B26CD945FFF}.Debug|Win32.ActiveCfg = Debug|Win32
		{AE9529CA-CA90-44D0-ADDA-6B26CD945FFF}.Debug|Win32.Build.0 = Debug|Win32
		{AE9529CA-CA90-44D0-ADDA-6B26CD945FFF}.DebugFast|Win32.ActiveCfg = DebugFast|Win32
		{AE9529CA-CA90-44D0-ADDA-6B26CD945FFF}.DebugFast|Win32.Build.0 = DebugFast|Win32
		{AE9529CA-CA90-44D0-ADDA-6B26CD945FFF}.DebugStatic|Win32.ActiveCfg = DebugStatic|Win32
		{AE9529CA-CA90-44D0-ADDA-6B26CD945FFF}.DebugStatic|Win32.Build.0 = DebugStatic|Win32
		{AE9529CA-CA90-44D0-ADDA-6B26CD945FFF}.Release|Win32.ActiveCfg = Release|Win32
		{AE9529CA-CA90-44D0-ADDA-6B26CD945FFF}.Release|Win32.Build.0 = Release|Win32
		{AE9529CA-CA90-44D0-ADDA-6B26CD945FFF}.ReleaseDebug|Win32.ActiveCfg = ReleaseDebug|Win32
		{AE9529CA-CA90-44D0-ADDA-6B26CD945FFF}.ReleaseDebug|Win32.Build.0 = ReleaseDebug|Win32
		{AE9529CA-CA90-44D0-ADDA-6B26CD945FFF}.ReleaseDebugStatic|Win32.ActiveCfg = ReleaseDebugStatic|Win32
		{AE9529CA-CA90-44D0-ADDA-6B26CD945FFF}.ReleaseDebugStatic|Win32.Build.0 = ReleaseDebugStatic|Win32
		{EDB369A3-D7A4-4593-982C-96DEF4F9D485}.Debug|Win32.ActiveCfg = Debug|Win32
		{EDB369A3-D7A4-4593-982C-96DEF4F9D485}.Debug|Win32.Build.0 = Debug|Win32
		{EDB369A3-D7A4-4593-982C-96DEF4F9D485}.DebugFast|Win32.ActiveCfg = DebugFast|Win32
		{EDB369A3-D7A4-4593-982C-96DEF4F9D485}.DebugFast|Win32.Build.0 = DebugFast|Win32
		{EDB369A3-D7A4-4593-982C-96DEF4F9D485}.DebugStatic|Win32.ActiveCfg = DebugStatic|Win32
		{EDB369A3-D7A4-4593-982C-96DEF4F9D485}.DebugStatic|Win32.Build.0 = DebugStatic|Win32
		{EDB369A3-D7A4-4593-982C-96DEF4F9D485}.Release|Win32.ActiveCfg = Release|Win32
		{EDB369A3-D7A4-4593-982C-96DEF4F9D485}.Release|Win32.Build.0 = Release|Win32
		{EDB369A3-D7A4-4593-982C-96DEF4F9D485}.ReleaseDebug|Win32.ActiveCfg = ReleaseDebug|Win32
		{EDB369A3-D7A4-4593-982C-96DEF4F9D485}.ReleaseDebug|Win32.Build.0 = ReleaseDebug|Win32
		{EDB369A3-D7A4-4593-982C-96DEF4F9D485}.ReleaseDebugStatic|Win32.ActiveCfg = ReleaseDebugStatic|Win32
		{EDB369A3-D7A4-4593-982C-96DEF4F9D485}.ReleaseDebugStatic|Win32.Build.0 = ReleaseDebugStatic|Win32
		{44B21233-EFCC-4825-B5E5-3A3BD6CC5516}.Debug|Win32.ActiveCfg = Debug|Win32
		{44B21233-EFCC-4825-B5E5-3A3BD6CC5516}.Debug|Win32.Build.0 = Debug|Win32
		{44B21233-EFCC-4825-B5E5-3A3BD6CC5516}.DebugFast|Win32.ActiveCfg = DebugFast|Win32
		{44B21233-EFCC-4825-B5E5-3A3BD6CC5516}.DebugFast|Win32.Build.0 = DebugFast|Win32
		{44B21233-EFCC-4825-B5E5-3A3BD6CC5516}.DebugStatic|Win32.ActiveCfg = DebugStatic|Win32
		{44B21233-EFCC-4825-B5E5-3A3BD6CC5516}.DebugStatic|Win32.Build.0 = DebugStatic|Win32
		{44B21233-EFCC-4825-B5E5-3A3BD6CC5516}.Release|Win32.ActiveCfg = Release|Win32
		{44B21233-EFCC-4825-B5E5-3A3BD6CC5516}.Release|Win32.Build.0 = Release|Win32
		{44B21233-EFCC-4825-B5E5-3A3BD6CC5516}.ReleaseDebug|Win32.ActiveCfg = ReleaseDebug|Win32
		{44B21233-EFCC-4825-B5E5-3A3BD6CC5516}.ReleaseDebug|Win32.Build.0 = ReleaseDebug|Win32
		{44B21233-EFCC-4825-B5E5-3A3BD6CC5516}.ReleaseDebugStatic|Win32.ActiveCfg = ReleaseDebugStatic|Win32
		{44B21233-EFCC-4825-B5E5-3A3BD6CC5516}.ReleaseDebugStatic|Win32.Build.0 = ReleaseDebugStatic|Win32
		{1647939B-7728-4662-858D-E2BD5699F127}.Debug|Win32.ActiveCfg = Debug|Win32
		{1647939B-7728-4662-858D-E2BD5699F127}.Debug|Win32.Build.0 = Debug|Win32
		{1647939B-7728-4662-858D-E2BD5699F127}.DebugFast|Win32.ActiveCfg = DebugFast|Win32
		{1647939B-7728-4662-858D-E2BD5699F127}.DebugFast|Win32.Build.0 = DebugFast|Win32
		{1647939B-7728-4662-858D-E2BD5699F127}.DebugStatic|Win32.ActiveCfg = DebugStatic|Win32
		{1647939B-7728-4662-858D-E2BD5699F127}.DebugStatic|Win32.Build.0 = DebugStatic|Win32
		{1647939B-7728-4662-858D-E2BD5699F127}.Release|Win32.ActiveCfg = Release|Win32
		{1647939B-7728-4662-858D-E2BD5699F127}.Release|Win32.Build.0 = Release|Win32
		{1647939B-7728-4662-858D-E2BD5699F127}.ReleaseDebug|Win32.ActiveCfg = ReleaseDebug|Win32
		{1647939B-7728-4662-858D-E2BD5699F127}.ReleaseDebug|Win32.Build.0 = ReleaseDebug|Win32
		{1647939B-7728-4662-858D-E2BD5699F127}.ReleaseDebugStatic|Win32.ActiveCfg = ReleaseDebugStatic|Win32
		{1647939B-7728-4662-858D-E2BD5699F127}.ReleaseDebugStatic|Win32.Build.0 = ReleaseDebugStatic|Win32
		{D430A4D6-9DCF-4252-B9D3-20EE5C2650A5}.Debug|Win32.ActiveCfg = Debug|Win32
		{D430A4D6-9DCF-4252-B9D3-20EE5C2650A5}.Debug|Win32.Build.0 = Debug|Win32
		{D430A4D6-9DCF-4252-B9D3-20EE5C2650A5}.DebugFast|Win32.ActiveCfg = DebugFast|Win32
		{D430A4D6-9DCF-4252-B9D3-20EE5C2650A5}.DebugFast|Win32.Build.0 = DebugFast|Win32
		{D430A4D6-9DCF-4252-B9D3-20EE5C2650A5}.DebugStatic|Win32.ActiveCfg = DebugStatic|Win32
		{D430A4D6-9DCF-4252-B9D3-20EE5C2650A5}.DebugStatic|Win32.Build.0 = DebugStatic|Win32
		{D430A4D6-9DCF-4252-B9D3-20EE5C2650A5}.Release|Win32.ActiveCfg = Release|Win32
		{D430A4D6-9DCF-4252-B9D3-20EE5C2650A5}.Release|Win32.Build.0 = Release|Win32
		{D430A4D6-9DCF-4252-B9D3-20EE5C2650A5}.ReleaseDebug|Win32.ActiveCfg = ReleaseDebug|Win32
		{D430A4D6-9DCF-4252-B9D3-20EE5C2650A5}.ReleaseDebug|Win32.Build.0 = ReleaseDebug|Win32
		{D430A4D6-9DCF-4252-B9D3-20EE5C2650A5}.ReleaseDebugStatic|Win32.ActiveCfg = ReleaseDebugStatic|Win32
		{D430A4D6-9DCF-4252-B9D3-20EE5C2650A5}.ReleaseDebugStatic|Win32.Build.0 = ReleaseDebugStatic|Win32
		{005838BE-F505-4C8C-958A-5719BC0BD5E4}.Debug|Win32.ActiveCfg = Debug|Win32
		{005838BE-F505-4C8C-958A-5719BC0BD5E4}.Debug|Win32.Build.0 = Debug|Win32
		{005838BE-F505-4C8C-958A-5719BC0BD5E4}.DebugFast|Win32.ActiveCfg = DebugFast|Win32
		{005838BE-F505-4C8C-958A-5719BC0BD5E4}.DebugFast|Win32.Build.0 = DebugFast|Win32
		{005838BE-F505-4C8C-958A-5719BC0BD5E4}.DebugStatic|Win32.ActiveCfg = DebugStatic|Win32
		{005838BE-F505-4C8C-958A-5719BC0BD5E4}.DebugStatic|Win32.Build.0 = DebugStatic|Win32
		{005838BE-F505-4C8C-958A-5719BC0BD5E4}.Release|Win32.ActiveCfg = Release|Win32
		{005838BE-F505-4C8C-958A-5719BC0BD5E4}.Release|Win32.Build.0 = Release|Win32
		{005838BE-F505-4C8C-958A-5719BC0BD5E4}.ReleaseDebug|Win32.ActiveCfg = ReleaseDebug|Win32
		{005838BE-F505-4C8C-958A-5719BC0BD5E4}.ReleaseDebug|Win32.Build.0 = ReleaseDebug|Win32
		{005838BE-F505-4C8C-958A-5719BC0BD5E4}.ReleaseDebugStatic|Win32.ActiveCfg = ReleaseDebugStatic|Win32
		{005838BE-F505-4C8C-958A-5719BC0BD5E4}.ReleaseDebugStatic|Win32.Build.0 = ReleaseDebugStatic|Win32
		{2B48BE83-108B-4E8E-8A55-6627CF09AC5A}.Debug|Win32.ActiveCfg = Debug|Win32
		{2B48BE83-108B-4E8E-8A55-6627CF09AC5A}.Debug|Win32.Build.0 = Debug|Win32
		{2B48BE83-108B-4E8E-8A55-6627CF09AC5A}.DebugFast|Win32.ActiveCfg = DebugFast|Win32
		{2B48BE83-108B-4E8E-8A55-6627CF09AC5A}.DebugFast|Win32.Build.0 = DebugFast|Win32
		{2B48BE83-108B-4E8E-8A55-6627CF09AC5A}.DebugStatic|Win32.ActiveCfg = DebugStatic|Win32
		{2B48BE83-108B-4E8E-8A55-6627CF09AC5A}.DebugStatic|Win32.Build.0 = DebugStatic|Win32
		{2B48BE83-108B-4E8E-8A55-6627CF09AC5A}.Release|Win32.ActiveCfg = Release|Win32
		{2B48BE83-108B-4E8E-8A55-6627CF09AC5A}.Release|Win32.Build.0 = Release|Win32
		{2B48BE83-108B-4E8E-8A55-6627CF09AC5A}.ReleaseDebug|Win32.ActiveCfg = ReleaseDebug|Win32
		{2B48BE83-108B-4E8E-8A55-6627CF09AC5A}.ReleaseDebug|Win32.Build.0 = ReleaseDebug|Win32
		{2B48BE83-108B-4E8E-8A55-6627CF09AC5A}.ReleaseDebugStatic|Win32.ActiveCfg = ReleaseDebugStatic|Win32
		{2B48BE83-108B-4E8E-8A55-6627CF09AC5A}.ReleaseDebugStatic|Win32.Build.0 = ReleaseDebugStatic|Win32
		{309F8A55-BFBA-433B-8C3E-CB2223F799C3}.Debug|Win32.ActiveCfg = Debug|Win32
		{309F8A55-BFBA-433B-8C3E-CB2223F799C3}.Debug|Win32.Build.0 = Debug|Win32
		{309F8A55-BFBA-433B-8C3E-CB2223F799C3}.DebugFast|Win32.ActiveCfg = DebugFast|Win32
		{309F8A55-BFBA-433B-8C3E-CB2223F799C3}.DebugFast|Win32.Build.0 = DebugFast|Win32
		{309F8A55-BFBA-433B-8C3E-CB2223F799C3}.DebugStatic|Win32.ActiveCfg = DebugStatic|Win32
		{309F8A55-BFBA-433B-8C3E-CB2223F799C3}.DebugStatic|Win32.Build.0 = DebugStatic|Win32
		{309F8A55-BFBA-433B-8C3E-CB2223F799C3}.Release|Win32.ActiveCfg = Release|Win32
		{309F8A55-BFBA-433B-8C3E-CB2223F799C3}.Release|Win32.Build.0 = Release|Win32
		{309F8A55-BFBA-433B-8C3E-CB2223F799C3}.ReleaseDebug|Win32.ActiveCfg = ReleaseDebug|Win32
		{309F8A55-BFBA-433B-8C3E-CB2223F799C3}.ReleaseDebug|Win32.Build.0 = ReleaseDebug|Win32
		{309F8A55-BFBA-433B-8C3E-CB2223F799C3}.ReleaseDebugStatic|Win32.ActiveCfg = ReleaseDebugStatic|Win32
		{309F8A55-BFBA-433B-8C3E-CB2223F799C3}.ReleaseDebugStatic|Win32.Build.0 = ReleaseDebugStatic|Win32
		{9440443B-97BA-43C2-A762-31EEC8958BEE}.Debug|Win32.ActiveCfg = Debug|Win32
		{9440443B-97BA-43C2-A762-31EEC8958BEE}.Debug|Win32.Build.0 = Debug|Win32
		{9440443B-97BA-43C2-A762-31EEC8958BEE}.DebugFast|Win32.ActiveCfg = DebugFast|Win32
		{9440443B-97BA-43C2-A762-31EEC8958BEE}.DebugFast|Win32.Build.0 = DebugFast|Win32
		{9440443B-97BA-43C2-A762-31EEC8958BEE}.DebugStatic|Win32.ActiveCfg = DebugStatic|Win32
		{9440443B-97BA-43C2-A762-31EEC8958BEE}.DebugStatic|Win32.Build.0 = DebugStatic|Win32
		{9440443B-97BA-43C2-A762-31EEC8958BEE}.Release|Win32.ActiveCfg = Release|Win32
		{9440443B-97BA-43C2-A762-31EEC8958BEE}.Release|Win32.Build.0 = Release|Win32
		{9440443B-97BA-43C2-A762-31EEC8958BEE}.ReleaseDebug|Win32.ActiveCfg = ReleaseDebug|Win32
		{9440443B-97BA-43C2-A762-31EEC8958BEE}.ReleaseDebug|Win32.Build.0 = ReleaseDebug|Win32
		{9440443B-97BA-43C2-A762-31EEC8958BEE}.ReleaseDebugStatic|Win32.ActiveCfg = ReleaseDebugStatic|Win32
		{9440443B-97BA-43C2-A762-31EEC8958BEE}.ReleaseDebugStatic|Win32.Build.0 = ReleaseDebugStatic|Win32
		{1A4B6D56-4BD8-435F-9D2A-B3F102F6E5DD}.Debug|Win32.ActiveCfg = Debug|Win32
		{1A4B6D56-4BD8-435F-9D2A-B3F102F6E5DD}.Debug|Win32.Build.0 = Debug|Win32
		{1A4B6D56-4BD8-435F-9D2A-B3F102F6E5DD}.DebugFast|Win32.ActiveCfg = DebugFast|Win32
		{1A4B6D56-4BD8-435F-9D2A-B3F102F6E5DD}.DebugFast|Win32.Build.0 = DebugFast|Win32
		{1A4B6D56-4BD8-435F-9D2A-B3F102F6E5DD}.DebugStatic|Win32.ActiveCfg = DebugStatic|Win32
		{1A4B6D56-4BD8-435F-9D2A-B3F102F6E5DD}.DebugStatic|Win32.Build.0 = DebugStatic|Win32
		{1A4B6D56-4BD8-435F-9D2A-B3F102F6E5DD}.Release|Win32.ActiveCfg = Release|Win32
		{1A4B6D56-4BD8-435F-9D2A-B3F102F6E5DD}.Release|Win32.Build.0 = Release|Win32
		{1A4B6D56-4BD8-435F-9D2A-B3F102F6E5DD}.ReleaseDebug|Win32.ActiveCfg = ReleaseDebug|Win32
		{1A4B6D56-4BD8-435F-9D2A-B3F102F6E5DD}.ReleaseDebug|Win32.Build.0 = ReleaseDebug|Win32
		{1A4B6D56-4BD8-435F-9D2A-B3F102F6E5DD}.ReleaseDebugStatic|Win32.ActiveCfg = ReleaseDebugStatic|Win32
		{1A4B6D56-4BD8-435F-9D2A-B3F102F6E5DD}.ReleaseDebugStatic|Win32.Build.0 = ReleaseDebugStatic|Win32
		{1901F827-B0C6-40A1-B904-4E71E15C95A7}.Debug|Win32.ActiveCfg = Debug|Win32
		{1901F827-B0C6-40A1-B904-4E71E15C95A7}.Debug|Win32.Build.0 = Debug|Win32
		{1901F827-B0C6-40A1-B904-4E71E15C95A7}.DebugFast|Win32.ActiveCfg = DebugFast|Win32
		{1901F827-B0C6-40A1-B904-4E71E15C95A7}.DebugFast|Win32.Build.0 = DebugFast|Win32
		{1901F827-B0C6-40A1-B904-4E71E15C95A7}.DebugStatic|Win32.ActiveCfg = DebugStatic|Win32
		{1901F827-B0C6-40A1-B904-4E71E15C95A7}.DebugStatic|Win32.Build.0 = DebugStatic|Win32
		{1901F827-B0C6-40A1-B904-4E71E15C95A7}.Release|Win32.ActiveCfg = Release|Win32
		{1901F827-B0C6-40A1-B904-4E71E15C95A7}.Release|Win32.Build.0 = Release|Win32
		{1901F827-B0C6-40A1-B904-4E71E15C95A7}.ReleaseDebug|Win32.ActiveCfg = ReleaseDebug|Win32
		{1901F827-B0C6-40A1-B904-4E71E15C95A7}.ReleaseDebug|Win32.Build.0 = ReleaseDebug|Win32
		{1901F827-B0C6-40A1-B904-4E71E15C95A7}.ReleaseDebugStatic|Win32.ActiveCfg = ReleaseDebugStatic|Win32
		{1901F827-B0C6-40A1-B904-4E71E15C95A7}.ReleaseDebugStatic|Win32.Build.0 = ReleaseDebugStatic|Win32
		{0B1D3450-3CA8-43AC-8F82-42927EFBBA31}.Debug|Win32.ActiveCfg = Debug|Win32
		{0B1D3450-3CA8-43AC-8F82-42927EFBBA31}.Debug|Win32.Build.0 = Debug|Win32
		{0B1D3450-3CA8-43AC-8F82-42927EFBBA31}.DebugFast|Win32.ActiveCfg = DebugFast|Win32
		{0B1D3450-3CA8-43AC-8F82-42927EFBBA31}.DebugFast|Win32.Build.0 = DebugFast|Win32
		{0B1D3450-3CA8-43AC-8F82-42927EFBBA31}.DebugStatic|Win32.ActiveCfg = DebugStatic|Win32
		{0B1D3450-3CA8-43AC-8F82-42927EFBBA31}.DebugStatic|Win32.Build.0 = DebugStatic|Win32
		{0B1D3450-3CA8-43AC-8F82-42927EFBBA31}.Release|Win32.ActiveCfg = Release|Win32
		{0B1D3450-3CA8-43AC-8F82-42927EFBBA31}.Release|Win32.Build.0 = Release|Win32
		{0B1D3450-3CA8-43AC-8F82-42927EFBBA31}.ReleaseDebug|Win32.ActiveCfg = ReleaseDebug|Win32
		{0B1D3450-3CA8-43AC-8F82-42927EFBBA31}.ReleaseDebug|Win32.Build.0 = ReleaseDebug|Win32
		{0B1D3450-3CA8-43AC-8F82-42927EFBBA31}.ReleaseDebugStatic|Win32.ActiveCfg = ReleaseDebugStatic|Win32
		{0B1D3450-3CA8-43AC-8F82-42927EFBBA31}.ReleaseDebugStatic|Win32.Build.0 = ReleaseDebugStatic|Win32
	EndGlobalSection
	GlobalSection(SolutionProperties) = preSolution
		HideSolutionNode = FALSE
	EndGlobalSection
	GlobalSection(NestedProjects) = preSolution
		{AE9529CA-CA90-44D0-ADDA-6B26CD945FFF} = {D5EB90FD-DE66-4E29-818A-E041A681BFED}
		{44B21233-EFCC-4825-B5E5-3A3BD6CC5516} = {D5EB90FD-DE66-4E29-818A-E041A681BFED}
		{309F8A55-BFBA-433B-8C3E-CB2223F799C3} = {D5EB90FD-DE66-4E29-818A-E041A681BFED}
		{9440443B-97BA-43C2-A762-31EEC8958BEE} = {D5EB90FD-DE66-4E29-818A-E041A681BFED}
		{1A4B6D56-4BD8-435F-9D2A-B3F102F6E5DD} = {D5EB90FD-DE66-4E29-818A-E041A681BFED}
		{33132EB7-CDBF-4D0D-9593-494E83681084} = {D5EB90FD-DE66-4E29-818A-E041A681BFED}
		{1647939B-7728-4662-858D-E2BD5699F127} = {2067E0EC-4774-4542-BEE2-F9C4C6AED24C}
		{D430A4D6-9DCF-4252-B9D3-20EE5C2650A5} = {2067E0EC-4774-4542-BEE2-F9C4C6AED24C}
		{005838BE-F505-4C8C-958A-5719BC0BD5E4} = {2067E0EC-4774-4542-BEE2-F9C4C6AED24C}
		{2B48BE83-108B-4E8E-8A55-6627CF09AC5A} = {2067E0EC-4774-4542-BEE2-F9C4C6AED24C}
		{EDB369A3-D7A4-4593-982C-96DEF4F9D485} = {2067E0EC-4774-4542-BEE2-F9C4C6AED24C}
		{1901F827-B0C6-40A1-B904-4E71E15C95A7} = {2067E0EC-4774-4542-BEE2-F9C4C6AED24C}
		{0B1D3450-3CA8-43AC-8F82-42927EFBBA31} = {2067E0EC-4774-4542-BEE2-F9C4C6AED24C}
	EndGlobalSection
EndGlobal
