Microsoft Visual Studio Solution File, Format Version 10.00
# Visual C++ Express 2008
Project("{8BC9CEB8-8B4A-11D0-8D11-00A0C91BC942}") = "3d", "src\3d_vs90.vcproj", "{2B48BE83-108B-4E8E-8A55-6627CF09AC5A}"
	ProjectSection(ProjectDependencies) = postProject
		{44B21233-EFCC-4825-B5E5-3A3BD6CC5516} = {44B21233-EFCC-4825-B5E5-3A3BD6CC5516}
	EndProjectSection
EndProject
Project("{8BC9CEB8-8B4A-11D0-8D11-00A0C91BC942}") = "driver_direct3d", "src\3d\driver\direct3d\driver_direct3d_vs90.vcproj", "{1FEE8B42-BE4C-4E23-9101-0EA410D41E29}"
	ProjectSection(ProjectDependencies) = postProject
		{2B48BE83-108B-4E8E-8A55-6627CF09AC5A} = {2B48BE83-108B-4E8E-8A55-6627CF09AC5A}
	EndProjectSection
EndProject
Project("{8BC9CEB8-8B4A-11D0-8D11-00A0C91BC942}") = "driver_dsound", "src\sound\driver\dsound\driver_dsound_vs90.vcproj", "{309F8A55-BFBA-433B-8C3E-CB2223F799C3}"
	ProjectSection(ProjectDependencies) = postProject
		{EDB369A3-D7A4-4593-982C-96DEF4F9D485} = {EDB369A3-D7A4-4593-982C-96DEF4F9D485}
	EndProjectSection
EndProject
Project("{8BC9CEB8-8B4A-11D0-8D11-00A0C91BC942}") = "driver_opengl", "src\3d\driver\opengl\driver_opengl_vs90.vcproj", "{1D9576F6-3321-4036-8C86-B5361CCCD4FB}"
	ProjectSection(ProjectDependencies) = postProject
		{2B48BE83-108B-4E8E-8A55-6627CF09AC5A} = {2B48BE83-108B-4E8E-8A55-6627CF09AC5A}
	EndProjectSection
EndProject
Project("{8BC9CEB8-8B4A-11D0-8D11-00A0C91BC942}") = "georges", "src\georges_vs90.vcproj", "{D430A4D6-9DCF-4252-B9D3-20EE5C2650A5}"
	ProjectSection(ProjectDependencies) = postProject
		{44B21233-EFCC-4825-B5E5-3A3BD6CC5516} = {44B21233-EFCC-4825-B5E5-3A3BD6CC5516}
	EndProjectSection
EndProject
Project("{8BC9CEB8-8B4A-11D0-8D11-00A0C91BC942}") = "ligo", "src\ligo_vs90.vcproj", "{005838BE-F505-4C8C-958A-5719BC0BD5E4}"
	ProjectSection(ProjectDependencies) = postProject
		{44B21233-EFCC-4825-B5E5-3A3BD6CC5516} = {44B21233-EFCC-4825-B5E5-3A3BD6CC5516}
	EndProjectSection
EndProject
Project("{8BC9CEB8-8B4A-11D0-8D11-00A0C91BC942}") = "logic", "src\logic_vs90.vcproj", "{0E723473-FDBB-48D7-8141-1273B917D681}"
	ProjectSection(ProjectDependencies) = postProject
		{44B21233-EFCC-4825-B5E5-3A3BD6CC5516} = {44B21233-EFCC-4825-B5E5-3A3BD6CC5516}
	EndProjectSection
EndProject
Project("{8BC9CEB8-8B4A-11D0-8D11-00A0C91BC942}") = "misc", "src\misc_vs90.vcproj", "{44B21233-EFCC-4825-B5E5-3A3BD6CC5516}"
EndProject
Project("{8BC9CEB8-8B4A-11D0-8D11-00A0C91BC942}") = "net", "src\net_vs90.vcproj", "{67AF56A4-A228-4BFB-BDA8-026CBEDE8BF9}"
	ProjectSection(ProjectDependencies) = postProject
		{44B21233-EFCC-4825-B5E5-3A3BD6CC5516} = {44B21233-EFCC-4825-B5E5-3A3BD6CC5516}
	EndProjectSection
EndProject
Project("{8BC9CEB8-8B4A-11D0-8D11-00A0C91BC942}") = "pacs", "src\pacs_vs90.vcproj", "{D6D97977-3610-40EE-AD46-41DD758DE7EB}"
	ProjectSection(ProjectDependencies) = postProject
		{44B21233-EFCC-4825-B5E5-3A3BD6CC5516} = {44B21233-EFCC-4825-B5E5-3A3BD6CC5516}
	EndProjectSection
EndProject
Project("{8BC9CEB8-8B4A-11D0-8D11-00A0C91BC942}") = "sound", "src\sound_vs90.vcproj", "{EDB369A3-D7A4-4593-982C-96DEF4F9D485}"
	ProjectSection(ProjectDependencies) = postProject
		{AE9529CA-CA90-44D0-ADDA-6B26CD945FFF} = {AE9529CA-CA90-44D0-ADDA-6B26CD945FFF}
	EndProjectSection
EndProject
Project("{8BC9CEB8-8B4A-11D0-8D11-00A0C91BC942}") = "sound_lowlevel", "src\sound\driver\sound_lowlevel_vs90.vcproj", "{AE9529CA-CA90-44D0-ADDA-6B26CD945FFF}"
	ProjectSection(ProjectDependencies) = postProject
		{44B21233-EFCC-4825-B5E5-3A3BD6CC5516} = {44B21233-EFCC-4825-B5E5-3A3BD6CC5516}
	EndProjectSection
EndProject
Project("{8BC9CEB8-8B4A-11D0-8D11-00A0C91BC942}") = "driver_fmod", "src\sound\driver\fmod\driver_fmod_vs90.vcproj", "{9440443B-97BA-43C2-A762-31EEC8958BEE}"
	ProjectSection(ProjectDependencies) = postProject
		{EDB369A3-D7A4-4593-982C-96DEF4F9D485} = {EDB369A3-D7A4-4593-982C-96DEF4F9D485}
	EndProjectSection
EndProject
Project("{8BC9CEB8-8B4A-11D0-8D11-00A0C91BC942}") = "driver_openal", "src\sound\driver\openal\driver_openal_vs90.vcproj", "{1A4B6D56-4BD8-435F-9D2A-B3F102F6E5DD}"
	ProjectSection(ProjectDependencies) = postProject
		{EDB369A3-D7A4-4593-982C-96DEF4F9D485} = {EDB369A3-D7A4-4593-982C-96DEF4F9D485}
	EndProjectSection
EndProject
Global
	GlobalSection(SolutionConfigurationPlatforms) = preSolution
		Debug|Win32 = Debug|Win32
		DebugFast|Win32 = DebugFast|Win32
		DebugStatic|Win32 = DebugStatic|Win32
		Release|Win32 = Release|Win32
		ReleaseDebug|Win32 = ReleaseDebug|Win32
		ReleaseDebugStatic|Win32 = ReleaseDebugStatic|Win32
	EndGlobalSection
	GlobalSection(ProjectConfigurationPlatforms) = postSolution
		{2B48BE83-108B-4E8E-8A55-6627CF09AC5A}.Debug|Win32.ActiveCfg = Debug|Win32
		{2B48BE83-108B-4E8E-8A55-6627CF09AC5A}.Debug|Win32.Build.0 = Debug|Win32
		{2B48BE83-108B-4E8E-8A55-6627CF09AC5A}.DebugFast|Win32.ActiveCfg = DebugFast|Win32
		{2B48BE83-108B-4E8E-8A55-6627CF09AC5A}.DebugFast|Win32.Build.0 = DebugFast|Win32
		{2B48BE83-108B-4E8E-8A55-6627CF09AC5A}.DebugStatic|Win32.ActiveCfg = DebugStatic|Win32
		{2B48BE83-108B-4E8E-8A55-6627CF09AC5A}.DebugStatic|Win32.Build.0 = DebugStatic|Win32
		{2B48BE83-108B-4E8E-8A55-6627CF09AC5A}.Release|Win32.ActiveCfg = Release|Win32
		{2B48BE83-108B-4E8E-8A55-6627CF09AC5A}.Release|Win32.Build.0 = Release|Win32
		{2B48BE83-108B-4E8E-8A55-6627CF09AC5A}.ReleaseDebug|Win32.ActiveCfg = ReleaseDebug|Win32
		{2B48BE83-108B-4E8E-8A55-6627CF09AC5A}.ReleaseDebug|Win32.Build.0 = ReleaseDebug|Win32
		{2B48BE83-108B-4E8E-8A55-6627CF09AC5A}.ReleaseDebugStatic|Win32.ActiveCfg = ReleaseDebugStatic|Win32
		{2B48BE83-108B-4E8E-8A55-6627CF09AC5A}.ReleaseDebugStatic|Win32.Build.0 = ReleaseDebugStatic|Win32
		{1FEE8B42-BE4C-4E23-9101-0EA410D41E29}.Debug|Win32.ActiveCfg = Debug|Win32
		{1FEE8B42-BE4C-4E23-9101-0EA410D41E29}.Debug|Win32.Build.0 = Debug|Win32
		{1FEE8B42-BE4C-4E23-9101-0EA410D41E29}.DebugFast|Win32.ActiveCfg = DebugFast|Win32
		{1FEE8B42-BE4C-4E23-9101-0EA410D41E29}.DebugFast|Win32.Build.0 = DebugFast|Win32
		{1FEE8B42-BE4C-4E23-9101-0EA410D41E29}.DebugStatic|Win32.ActiveCfg = DebugStatic|Win32
		{1FEE8B42-BE4C-4E23-9101-0EA410D41E29}.DebugStatic|Win32.Build.0 = DebugStatic|Win32
		{1FEE8B42-BE4C-4E23-9101-0EA410D41E29}.Release|Win32.ActiveCfg = Release|Win32
		{1FEE8B42-BE4C-4E23-9101-0EA410D41E29}.Release|Win32.Build.0 = Release|Win32
		{1FEE8B42-BE4C-4E23-9101-0EA410D41E29}.ReleaseDebug|Win32.ActiveCfg = ReleaseDebug|Win32
		{1FEE8B42-BE4C-4E23-9101-0EA410D41E29}.ReleaseDebug|Win32.Build.0 = ReleaseDebug|Win32
		{1FEE8B42-BE4C-4E23-9101-0EA410D41E29}.ReleaseDebugStatic|Win32.ActiveCfg = ReleaseDebugStatic|Win32
		{1FEE8B42-BE4C-4E23-9101-0EA410D41E29}.ReleaseDebugStatic|Win32.Build.0 = ReleaseDebugStatic|Win32
		{309F8A55-BFBA-433B-8C3E-CB2223F799C3}.Debug|Win32.ActiveCfg = Debug|Win32
		{309F8A55-BFBA-433B-8C3E-CB2223F799C3}.Debug|Win32.Build.0 = Debug|Win32
		{309F8A55-BFBA-433B-8C3E-CB2223F799C3}.DebugFast|Win32.ActiveCfg = DebugFast|Win32
		{309F8A55-BFBA-433B-8C3E-CB2223F799C3}.DebugFast|Win32.Build.0 = DebugFast|Win32
		{309F8A55-BFBA-433B-8C3E-CB2223F799C3}.DebugStatic|Win32.ActiveCfg = DebugStatic|Win32
		{309F8A55-BFBA-433B-8C3E-CB2223F799C3}.DebugStatic|Win32.Build.0 = DebugStatic|Win32
		{309F8A55-BFBA-433B-8C3E-CB2223F799C3}.Release|Win32.ActiveCfg = Release|Win32
		{309F8A55-BFBA-433B-8C3E-CB2223F799C3}.Release|Win32.Build.0 = Release|Win32
		{309F8A55-BFBA-433B-8C3E-CB2223F799C3}.ReleaseDebug|Win32.ActiveCfg = ReleaseDebug|Win32
		{309F8A55-BFBA-433B-8C3E-CB2223F799C3}.ReleaseDebug|Win32.Build.0 = ReleaseDebug|Win32
		{309F8A55-BFBA-433B-8C3E-CB2223F799C3}.ReleaseDebugStatic|Win32.ActiveCfg = ReleaseDebugStatic|Win32
		{309F8A55-BFBA-433B-8C3E-CB2223F799C3}.ReleaseDebugStatic|Win32.Build.0 = ReleaseDebugStatic|Win32
		{1D9576F6-3321-4036-8C86-B5361CCCD4FB}.Debug|Win32.ActiveCfg = Debug|Win32
		{1D9576F6-3321-4036-8C86-B5361CCCD4FB}.Debug|Win32.Build.0 = Debug|Win32
		{1D9576F6-3321-4036-8C86-B5361CCCD4FB}.DebugFast|Win32.ActiveCfg = DebugFast|Win32
		{1D9576F6-3321-4036-8C86-B5361CCCD4FB}.DebugFast|Win32.Build.0 = DebugFast|Win32
		{1D9576F6-3321-4036-8C86-B5361CCCD4FB}.DebugStatic|Win32.ActiveCfg = DebugStatic|Win32
		{1D9576F6-3321-4036-8C86-B5361CCCD4FB}.DebugStatic|Win32.Build.0 = DebugStatic|Win32
		{1D9576F6-3321-4036-8C86-B5361CCCD4FB}.Release|Win32.ActiveCfg = Release|Win32
		{1D9576F6-3321-4036-8C86-B5361CCCD4FB}.Release|Win32.Build.0 = Release|Win32
		{1D9576F6-3321-4036-8C86-B5361CCCD4FB}.ReleaseDebug|Win32.ActiveCfg = ReleaseDebug|Win32
		{1D9576F6-3321-4036-8C86-B5361CCCD4FB}.ReleaseDebug|Win32.Build.0 = ReleaseDebug|Win32
		{1D9576F6-3321-4036-8C86-B5361CCCD4FB}.ReleaseDebugStatic|Win32.ActiveCfg = ReleaseDebugStatic|Win32
		{1D9576F6-3321-4036-8C86-B5361CCCD4FB}.ReleaseDebugStatic|Win32.Build.0 = ReleaseDebugStatic|Win32
		{D430A4D6-9DCF-4252-B9D3-20EE5C2650A5}.Debug|Win32.ActiveCfg = Debug|Win32
		{D430A4D6-9DCF-4252-B9D3-20EE5C2650A5}.Debug|Win32.Build.0 = Debug|Win32
		{D430A4D6-9DCF-4252-B9D3-20EE5C2650A5}.DebugFast|Win32.ActiveCfg = DebugFast|Win32
		{D430A4D6-9DCF-4252-B9D3-20EE5C2650A5}.DebugFast|Win32.Build.0 = DebugFast|Win32
		{D430A4D6-9DCF-4252-B9D3-20EE5C2650A5}.DebugStatic|Win32.ActiveCfg = DebugStatic|Win32
		{D430A4D6-9DCF-4252-B9D3-20EE5C2650A5}.DebugStatic|Win32.Build.0 = DebugStatic|Win32
		{D430A4D6-9DCF-4252-B9D3-20EE5C2650A5}.Release|Win32.ActiveCfg = Release|Win32
		{D430A4D6-9DCF-4252-B9D3-20EE5C2650A5}.Release|Win32.Build.0 = Release|Win32
		{D430A4D6-9DCF-4252-B9D3-20EE5C2650A5}.ReleaseDebug|Win32.ActiveCfg = ReleaseDebug|Win32
		{D430A4D6-9DCF-4252-B9D3-20EE5C2650A5}.ReleaseDebug|Win32.Build.0 = ReleaseDebug|Win32
		{D430A4D6-9DCF-4252-B9D3-20EE5C2650A5}.ReleaseDebugStatic|Win32.ActiveCfg = ReleaseDebugStatic|Win32
		{D430A4D6-9DCF-4252-B9D3-20EE5C2650A5}.ReleaseDebugStatic|Win32.Build.0 = ReleaseDebugStatic|Win32
		{005838BE-F505-4C8C-958A-5719BC0BD5E4}.Debug|Win32.ActiveCfg = Debug|Win32
		{005838BE-F505-4C8C-958A-5719BC0BD5E4}.Debug|Win32.Build.0 = Debug|Win32
		{005838BE-F505-4C8C-958A-5719BC0BD5E4}.DebugFast|Win32.ActiveCfg = DebugFast|Win32
		{005838BE-F505-4C8C-958A-5719BC0BD5E4}.DebugFast|Win32.Build.0 = DebugFast|Win32
		{005838BE-F505-4C8C-958A-5719BC0BD5E4}.DebugStatic|Win32.ActiveCfg = DebugStatic|Win32
		{005838BE-F505-4C8C-958A-5719BC0BD5E4}.DebugStatic|Win32.Build.0 = DebugStatic|Win32
		{005838BE-F505-4C8C-958A-5719BC0BD5E4}.Release|Win32.ActiveCfg = Release|Win32
		{005838BE-F505-4C8C-958A-5719BC0BD5E4}.Release|Win32.Build.0 = Release|Win32
		{005838BE-F505-4C8C-958A-5719BC0BD5E4}.ReleaseDebug|Win32.ActiveCfg = ReleaseDebug|Win32
		{005838BE-F505-4C8C-958A-5719BC0BD5E4}.ReleaseDebug|Win32.Build.0 = ReleaseDebug|Win32
		{005838BE-F505-4C8C-958A-5719BC0BD5E4}.ReleaseDebugStatic|Win32.ActiveCfg = ReleaseDebugStatic|Win32
		{005838BE-F505-4C8C-958A-5719BC0BD5E4}.ReleaseDebugStatic|Win32.Build.0 = ReleaseDebugStatic|Win32
		{0E723473-FDBB-48D7-8141-1273B917D681}.Debug|Win32.ActiveCfg = Debug|Win32
		{0E723473-FDBB-48D7-8141-1273B917D681}.Debug|Win32.Build.0 = Debug|Win32
		{0E723473-FDBB-48D7-8141-1273B917D681}.DebugFast|Win32.ActiveCfg = DebugFast|Win32
		{0E723473-FDBB-48D7-8141-1273B917D681}.DebugFast|Win32.Build.0 = DebugFast|Win32
		{0E723473-FDBB-48D7-8141-1273B917D681}.DebugStatic|Win32.ActiveCfg = DebugStatic|Win32
		{0E723473-FDBB-48D7-8141-1273B917D681}.DebugStatic|Win32.Build.0 = DebugStatic|Win32
		{0E723473-FDBB-48D7-8141-1273B917D681}.Release|Win32.ActiveCfg = Release|Win32
		{0E723473-FDBB-48D7-8141-1273B917D681}.Release|Win32.Build.0 = Release|Win32
		{0E723473-FDBB-48D7-8141-1273B917D681}.ReleaseDebug|Win32.ActiveCfg = ReleaseDebug|Win32
		{0E723473-FDBB-48D7-8141-1273B917D681}.ReleaseDebug|Win32.Build.0 = ReleaseDebug|Win32
		{0E723473-FDBB-48D7-8141-1273B917D681}.ReleaseDebugStatic|Win32.ActiveCfg = ReleaseDebugStatic|Win32
		{0E723473-FDBB-48D7-8141-1273B917D681}.ReleaseDebugStatic|Win32.Build.0 = ReleaseDebugStatic|Win32
		{44B21233-EFCC-4825-B5E5-3A3BD6CC5516}.Debug|Win32.ActiveCfg = Debug|Win32
		{44B21233-EFCC-4825-B5E5-3A3BD6CC5516}.Debug|Win32.Build.0 = Debug|Win32
		{44B21233-EFCC-4825-B5E5-3A3BD6CC5516}.DebugFast|Win32.ActiveCfg = DebugFast|Win32
		{44B21233-EFCC-4825-B5E5-3A3BD6CC5516}.DebugFast|Win32.Build.0 = DebugFast|Win32
		{44B21233-EFCC-4825-B5E5-3A3BD6CC5516}.DebugStatic|Win32.ActiveCfg = DebugStatic|Win32
		{44B21233-EFCC-4825-B5E5-3A3BD6CC5516}.DebugStatic|Win32.Build.0 = DebugStatic|Win32
		{44B21233-EFCC-4825-B5E5-3A3BD6CC5516}.Release|Win32.ActiveCfg = Release|Win32
		{44B21233-EFCC-4825-B5E5-3A3BD6CC5516}.Release|Win32.Build.0 = Release|Win32
		{44B21233-EFCC-4825-B5E5-3A3BD6CC5516}.ReleaseDebug|Win32.ActiveCfg = ReleaseDebug|Win32
		{44B21233-EFCC-4825-B5E5-3A3BD6CC5516}.ReleaseDebug|Win32.Build.0 = ReleaseDebug|Win32
		{44B21233-EFCC-4825-B5E5-3A3BD6CC5516}.ReleaseDebugStatic|Win32.ActiveCfg = ReleaseDebugStatic|Win32
		{44B21233-EFCC-4825-B5E5-3A3BD6CC5516}.ReleaseDebugStatic|Win32.Build.0 = ReleaseDebugStatic|Win32
		{67AF56A4-A228-4BFB-BDA8-026CBEDE8BF9}.Debug|Win32.ActiveCfg = Debug|Win32
		{67AF56A4-A228-4BFB-BDA8-026CBEDE8BF9}.Debug|Win32.Build.0 = Debug|Win32
		{67AF56A4-A228-4BFB-BDA8-026CBEDE8BF9}.DebugFast|Win32.ActiveCfg = DebugFast|Win32
		{67AF56A4-A228-4BFB-BDA8-026CBEDE8BF9}.DebugFast|Win32.Build.0 = DebugFast|Win32
		{67AF56A4-A228-4BFB-BDA8-026CBEDE8BF9}.DebugStatic|Win32.ActiveCfg = DebugStatic|Win32
		{67AF56A4-A228-4BFB-BDA8-026CBEDE8BF9}.DebugStatic|Win32.Build.0 = DebugStatic|Win32
		{67AF56A4-A228-4BFB-BDA8-026CBEDE8BF9}.Release|Win32.ActiveCfg = Release|Win32
		{67AF56A4-A228-4BFB-BDA8-026CBEDE8BF9}.Release|Win32.Build.0 = Release|Win32
		{67AF56A4-A228-4BFB-BDA8-026CBEDE8BF9}.ReleaseDebug|Win32.ActiveCfg = ReleaseDebug|Win32
		{67AF56A4-A228-4BFB-BDA8-026CBEDE8BF9}.ReleaseDebug|Win32.Build.0 = ReleaseDebug|Win32
		{67AF56A4-A228-4BFB-BDA8-026CBEDE8BF9}.ReleaseDebugStatic|Win32.ActiveCfg = ReleaseDebugStatic|Win32
		{67AF56A4-A228-4BFB-BDA8-026CBEDE8BF9}.ReleaseDebugStatic|Win32.Build.0 = ReleaseDebugStatic|Win32
		{D6D97977-3610-40EE-AD46-41DD758DE7EB}.Debug|Win32.ActiveCfg = Debug|Win32
		{D6D97977-3610-40EE-AD46-41DD758DE7EB}.Debug|Win32.Build.0 = Debug|Win32
		{D6D97977-3610-40EE-AD46-41DD758DE7EB}.DebugFast|Win32.ActiveCfg = DebugFast|Win32
		{D6D97977-3610-40EE-AD46-41DD758DE7EB}.DebugFast|Win32.Build.0 = DebugFast|Win32
		{D6D97977-3610-40EE-AD46-41DD758DE7EB}.DebugStatic|Win32.ActiveCfg = DebugStatic|Win32
		{D6D97977-3610-40EE-AD46-41DD758DE7EB}.DebugStatic|Win32.Build.0 = DebugStatic|Win32
		{D6D97977-3610-40EE-AD46-41DD758DE7EB}.Release|Win32.ActiveCfg = Release|Win32
		{D6D97977-3610-40EE-AD46-41DD758DE7EB}.Release|Win32.Build.0 = Release|Win32
		{D6D97977-3610-40EE-AD46-41DD758DE7EB}.ReleaseDebug|Win32.ActiveCfg = ReleaseDebug|Win32
		{D6D97977-3610-40EE-AD46-41DD758DE7EB}.ReleaseDebug|Win32.Build.0 = ReleaseDebug|Win32
		{D6D97977-3610-40EE-AD46-41DD758DE7EB}.ReleaseDebugStatic|Win32.ActiveCfg = ReleaseDebugStatic|Win32
		{D6D97977-3610-40EE-AD46-41DD758DE7EB}.ReleaseDebugStatic|Win32.Build.0 = ReleaseDebugStatic|Win32
		{EDB369A3-D7A4-4593-982C-96DEF4F9D485}.Debug|Win32.ActiveCfg = Debug|Win32
		{EDB369A3-D7A4-4593-982C-96DEF4F9D485}.Debug|Win32.Build.0 = Debug|Win32
		{EDB369A3-D7A4-4593-982C-96DEF4F9D485}.DebugFast|Win32.ActiveCfg = DebugFast|Win32
		{EDB369A3-D7A4-4593-982C-96DEF4F9D485}.DebugFast|Win32.Build.0 = DebugFast|Win32
		{EDB369A3-D7A4-4593-982C-96DEF4F9D485}.DebugStatic|Win32.ActiveCfg = DebugStatic|Win32
		{EDB369A3-D7A4-4593-982C-96DEF4F9D485}.DebugStatic|Win32.Build.0 = DebugStatic|Win32
		{EDB369A3-D7A4-4593-982C-96DEF4F9D485}.Release|Win32.ActiveCfg = Release|Win32
		{EDB369A3-D7A4-4593-982C-96DEF4F9D485}.Release|Win32.Build.0 = Release|Win32
		{EDB369A3-D7A4-4593-982C-96DEF4F9D485}.ReleaseDebug|Win32.ActiveCfg = ReleaseDebug|Win32
		{EDB369A3-D7A4-4593-982C-96DEF4F9D485}.ReleaseDebug|Win32.Build.0 = ReleaseDebug|Win32
		{EDB369A3-D7A4-4593-982C-96DEF4F9D485}.ReleaseDebugStatic|Win32.ActiveCfg = ReleaseDebugStatic|Win32
		{EDB369A3-D7A4-4593-982C-96DEF4F9D485}.ReleaseDebugStatic|Win32.Build.0 = ReleaseDebugStatic|Win32
		{AE9529CA-CA90-44D0-ADDA-6B26CD945FFF}.Debug|Win32.ActiveCfg = Debug|Win32
		{AE9529CA-CA90-44D0-ADDA-6B26CD945FFF}.Debug|Win32.Build.0 = Debug|Win32
		{AE9529CA-CA90-44D0-ADDA-6B26CD945FFF}.DebugFast|Win32.ActiveCfg = DebugFast|Win32
		{AE9529CA-CA90-44D0-ADDA-6B26CD945FFF}.DebugFast|Win32.Build.0 = DebugFast|Win32
		{AE9529CA-CA90-44D0-ADDA-6B26CD945FFF}.DebugStatic|Win32.ActiveCfg = DebugStatic|Win32
		{AE9529CA-CA90-44D0-ADDA-6B26CD945FFF}.DebugStatic|Win32.Build.0 = DebugStatic|Win32
		{AE9529CA-CA90-44D0-ADDA-6B26CD945FFF}.Release|Win32.ActiveCfg = Release|Win32
		{AE9529CA-CA90-44D0-ADDA-6B26CD945FFF}.Release|Win32.Build.0 = Release|Win32
		{AE9529CA-CA90-44D0-ADDA-6B26CD945FFF}.ReleaseDebug|Win32.ActiveCfg = ReleaseDebug|Win32
		{AE9529CA-CA90-44D0-ADDA-6B26CD945FFF}.ReleaseDebug|Win32.Build.0 = ReleaseDebug|Win32
		{AE9529CA-CA90-44D0-ADDA-6B26CD945FFF}.ReleaseDebugStatic|Win32.ActiveCfg = ReleaseDebugStatic|Win32
		{AE9529CA-CA90-44D0-ADDA-6B26CD945FFF}.ReleaseDebugStatic|Win32.Build.0 = ReleaseDebugStatic|Win32
		{9440443B-97BA-43C2-A762-31EEC8958BEE}.Debug|Win32.ActiveCfg = Debug|Win32
		{9440443B-97BA-43C2-A762-31EEC8958BEE}.Debug|Win32.Build.0 = Debug|Win32
		{9440443B-97BA-43C2-A762-31EEC8958BEE}.DebugFast|Win32.ActiveCfg = DebugFast|Win32
		{9440443B-97BA-43C2-A762-31EEC8958BEE}.DebugFast|Win32.Build.0 = DebugFast|Win32
		{9440443B-97BA-43C2-A762-31EEC8958BEE}.DebugStatic|Win32.ActiveCfg = DebugStatic|Win32
		{9440443B-97BA-43C2-A762-31EEC8958BEE}.DebugStatic|Win32.Build.0 = DebugStatic|Win32
		{9440443B-97BA-43C2-A762-31EEC8958BEE}.Release|Win32.ActiveCfg = Release|Win32
		{9440443B-97BA-43C2-A762-31EEC8958BEE}.Release|Win32.Build.0 = Release|Win32
		{9440443B-97BA-43C2-A762-31EEC8958BEE}.ReleaseDebug|Win32.ActiveCfg = ReleaseDebug|Win32
		{9440443B-97BA-43C2-A762-31EEC8958BEE}.ReleaseDebug|Win32.Build.0 = ReleaseDebug|Win32
		{9440443B-97BA-43C2-A762-31EEC8958BEE}.ReleaseDebugStatic|Win32.ActiveCfg = ReleaseDebugStatic|Win32
		{9440443B-97BA-43C2-A762-31EEC8958BEE}.ReleaseDebugStatic|Win32.Build.0 = ReleaseDebugStatic|Win32
		{1A4B6D56-4BD8-435F-9D2A-B3F102F6E5DD}.Debug|Win32.ActiveCfg = Debug|Win32
		{1A4B6D56-4BD8-435F-9D2A-B3F102F6E5DD}.Debug|Win32.Build.0 = Debug|Win32
		{1A4B6D56-4BD8-435F-9D2A-B3F102F6E5DD}.DebugFast|Win32.ActiveCfg = DebugFast|Win32
		{1A4B6D56-4BD8-435F-9D2A-B3F102F6E5DD}.DebugFast|Win32.Build.0 = DebugFast|Win32
		{1A4B6D56-4BD8-435F-9D2A-B3F102F6E5DD}.DebugStatic|Win32.ActiveCfg = DebugStatic|Win32
		{1A4B6D56-4BD8-435F-9D2A-B3F102F6E5DD}.DebugStatic|Win32.Build.0 = DebugStatic|Win32
		{1A4B6D56-4BD8-435F-9D2A-B3F102F6E5DD}.Release|Win32.ActiveCfg = Release|Win32
		{1A4B6D56-4BD8-435F-9D2A-B3F102F6E5DD}.Release|Win32.Build.0 = Release|Win32
		{1A4B6D56-4BD8-435F-9D2A-B3F102F6E5DD}.ReleaseDebug|Win32.ActiveCfg = ReleaseDebug|Win32
		{1A4B6D56-4BD8-435F-9D2A-B3F102F6E5DD}.ReleaseDebug|Win32.Build.0 = ReleaseDebug|Win32
		{1A4B6D56-4BD8-435F-9D2A-B3F102F6E5DD}.ReleaseDebugStatic|Win32.ActiveCfg = ReleaseDebugStatic|Win32
		{1A4B6D56-4BD8-435F-9D2A-B3F102F6E5DD}.ReleaseDebugStatic|Win32.Build.0 = ReleaseDebugStatic|Win32
	EndGlobalSection
	GlobalSection(SolutionProperties) = preSolution
		HideSolutionNode = FALSE
	EndGlobalSection
EndGlobal
