Microsoft Visual Studio Solution File, Format Version 9.00
# Visual Studio 2005
Project("{8BC9CEB8-8B4A-11D0-8D11-00A0C91BC942}") = "admin_executor_service", "admin_executor_service\admin_executor_service_8.vcproj", "{7CDC1199-31CA-4C2D-A60D-51BDC7A61ACF}"
	ProjectSection(ProjectDependencies) = postProject
		{940F1501-1D77-4C54-A467-9698D68E91E4} = {940F1501-1D77-4C54-A467-9698D68E91E4}
		{42DFBB2C-0815-4499-AFCC-D1F196D047A1} = {42DFBB2C-0815-4499-AFCC-D1F196D047A1}
	EndProjectSection
EndProject
Project("{8BC9CEB8-8B4A-11D0-8D11-00A0C91BC942}") = "admin_service", "admin_service\admin_service_8.vcproj", "{0FDF4B5A-7E86-4E6F-851B-ACE9EF9B7516}"
	ProjectSection(ProjectDependencies) = postProject
		{940F1501-1D77-4C54-A467-9698D68E91E4} = {940F1501-1D77-4C54-A467-9698D68E91E4}
		{42DFBB2C-0815-4499-AFCC-D1F196D047A1} = {42DFBB2C-0815-4499-AFCC-D1F196D047A1}
	EndProjectSection
EndProject
Project("{8BC9CEB8-8B4A-11D0-8D11-00A0C91BC942}") = "login_service", "login_service\login_service_8.vcproj", "{46F19C57-A609-4E14-BD14-B0C9615C1D03}"
	ProjectSection(ProjectDependencies) = postProject
		{940F1501-1D77-4C54-A467-9698D68E91E4} = {940F1501-1D77-4C54-A467-9698D68E91E4}
		{42DFBB2C-0815-4499-AFCC-D1F196D047A1} = {42DFBB2C-0815-4499-AFCC-D1F196D047A1}
	EndProjectSection
EndProject
Project("{8BC9CEB8-8B4A-11D0-8D11-00A0C91BC942}") = "naming_service", "naming_service\naming_service_8.vcproj", "{28C6A107-445A-4411-A5E6-465B0FF24276}"
	ProjectSection(ProjectDependencies) = postProject
		{940F1501-1D77-4C54-A467-9698D68E91E4} = {940F1501-1D77-4C54-A467-9698D68E91E4}
		{42DFBB2C-0815-4499-AFCC-D1F196D047A1} = {42DFBB2C-0815-4499-AFCC-D1F196D047A1}
	EndProjectSection
EndProject
Project("{8BC9CEB8-8B4A-11D0-8D11-00A0C91BC942}") = "welcome_service", "welcome_service\welcome_service_8.vcproj", "{D9B8DD7A-45F5-4718-AFD2-743925F3EC7C}"
	ProjectSection(ProjectDependencies) = postProject
		{940F1501-1D77-4C54-A467-9698D68E91E4} = {940F1501-1D77-4C54-A467-9698D68E91E4}
		{42DFBB2C-0815-4499-AFCC-D1F196D047A1} = {42DFBB2C-0815-4499-AFCC-D1F196D047A1}
	EndProjectSection
EndProject
Project("{8BC9CEB8-8B4A-11D0-8D11-00A0C91BC942}") = "misc", "..\nel\src\misc_8.vcproj", "{940F1501-1D77-4C54-A467-9698D68E91E4}"
EndProject
Project("{8BC9CEB8-8B4A-11D0-8D11-00A0C91BC942}") = "net", "..\nel\src\net_8.vcproj", "{42DFBB2C-0815-4499-AFCC-D1F196D047A1}"
EndProject
Project("{8BC9CEB8-8B4A-11D0-8D11-00A0C91BC942}") = "nel_launcher", "login_system\nel_launcher_windows\nel_launcher_8.vcproj", "{AADAF637-5C55-4A4B-B3C5-26DC6477FD55}"
	ProjectSection(ProjectDependencies) = postProject
		{940F1501-1D77-4C54-A467-9698D68E91E4} = {940F1501-1D77-4C54-A467-9698D68E91E4}
		{42DFBB2C-0815-4499-AFCC-D1F196D047A1} = {42DFBB2C-0815-4499-AFCC-D1F196D047A1}
	EndProjectSection
EndProject
Global
	GlobalSection(SolutionConfigurationPlatforms) = preSolution
		Debug|Win32 = Debug|Win32
		DebugFast|Win32 = DebugFast|Win32
		Release|Win32 = Release|Win32
		ReleaseDebug|Win32 = ReleaseDebug|Win32
	EndGlobalSection
	GlobalSection(ProjectConfigurationPlatforms) = postSolution
		{7CDC1199-31CA-4C2D-A60D-51BDC7A61ACF}.Debug|Win32.ActiveCfg = Debug|Win32
		{7CDC1199-31CA-4C2D-A60D-51BDC7A61ACF}.Debug|Win32.Build.0 = Debug|Win32
		{7CDC1199-31CA-4C2D-A60D-51BDC7A61ACF}.DebugFast|Win32.ActiveCfg = DebugFast|Win32
		{7CDC1199-31CA-4C2D-A60D-51BDC7A61ACF}.DebugFast|Win32.Build.0 = DebugFast|Win32
		{7CDC1199-31CA-4C2D-A60D-51BDC7A61ACF}.Release|Win32.ActiveCfg = Release|Win32
		{7CDC1199-31CA-4C2D-A60D-51BDC7A61ACF}.Release|Win32.Build.0 = Release|Win32
		{7CDC1199-31CA-4C2D-A60D-51BDC7A61ACF}.ReleaseDebug|Win32.ActiveCfg = ReleaseDebug|Win32
		{7CDC1199-31CA-4C2D-A60D-51BDC7A61ACF}.ReleaseDebug|Win32.Build.0 = ReleaseDebug|Win32
		{0FDF4B5A-7E86-4E6F-851B-ACE9EF9B7516}.Debug|Win32.ActiveCfg = Debug|Win32
		{0FDF4B5A-7E86-4E6F-851B-ACE9EF9B7516}.Debug|Win32.Build.0 = Debug|Win32
		{0FDF4B5A-7E86-4E6F-851B-ACE9EF9B7516}.DebugFast|Win32.ActiveCfg = DebugFast|Win32
		{0FDF4B5A-7E86-4E6F-851B-ACE9EF9B7516}.DebugFast|Win32.Build.0 = DebugFast|Win32
		{0FDF4B5A-7E86-4E6F-851B-ACE9EF9B7516}.Release|Win32.ActiveCfg = Release|Win32
		{0FDF4B5A-7E86-4E6F-851B-ACE9EF9B7516}.Release|Win32.Build.0 = Release|Win32
		{0FDF4B5A-7E86-4E6F-851B-ACE9EF9B7516}.ReleaseDebug|Win32.ActiveCfg = ReleaseDebug|Win32
		{0FDF4B5A-7E86-4E6F-851B-ACE9EF9B7516}.ReleaseDebug|Win32.Build.0 = ReleaseDebug|Win32
		{46F19C57-A609-4E14-BD14-B0C9615C1D03}.Debug|Win32.ActiveCfg = Debug|Win32
		{46F19C57-A609-4E14-BD14-B0C9615C1D03}.Debug|Win32.Build.0 = Debug|Win32
		{46F19C57-A609-4E14-BD14-B0C9615C1D03}.DebugFast|Win32.ActiveCfg = DebugFast|Win32
		{46F19C57-A609-4E14-BD14-B0C9615C1D03}.DebugFast|Win32.Build.0 = DebugFast|Win32
		{46F19C57-A609-4E14-BD14-B0C9615C1D03}.Release|Win32.ActiveCfg = Release|Win32
		{46F19C57-A609-4E14-BD14-B0C9615C1D03}.Release|Win32.Build.0 = Release|Win32
		{46F19C57-A609-4E14-BD14-B0C9615C1D03}.ReleaseDebug|Win32.ActiveCfg = ReleaseDebug|Win32
		{46F19C57-A609-4E14-BD14-B0C9615C1D03}.ReleaseDebug|Win32.Build.0 = ReleaseDebug|Win32
		{28C6A107-445A-4411-A5E6-465B0FF24276}.Debug|Win32.ActiveCfg = Debug|Win32
		{28C6A107-445A-4411-A5E6-465B0FF24276}.Debug|Win32.Build.0 = Debug|Win32
		{28C6A107-445A-4411-A5E6-465B0FF24276}.DebugFast|Win32.ActiveCfg = DebugFast|Win32
		{28C6A107-445A-4411-A5E6-465B0FF24276}.DebugFast|Win32.Build.0 = DebugFast|Win32
		{28C6A107-445A-4411-A5E6-465B0FF24276}.Release|Win32.ActiveCfg = Release|Win32
		{28C6A107-445A-4411-A5E6-465B0FF24276}.Release|Win32.Build.0 = Release|Win32
		{28C6A107-445A-4411-A5E6-465B0FF24276}.ReleaseDebug|Win32.ActiveCfg = ReleaseDebug|Win32
		{28C6A107-445A-4411-A5E6-465B0FF24276}.ReleaseDebug|Win32.Build.0 = ReleaseDebug|Win32
		{D9B8DD7A-45F5-4718-AFD2-743925F3EC7C}.Debug|Win32.ActiveCfg = Debug|Win32
		{D9B8DD7A-45F5-4718-AFD2-743925F3EC7C}.Debug|Win32.Build.0 = Debug|Win32
		{D9B8DD7A-45F5-4718-AFD2-743925F3EC7C}.DebugFast|Win32.ActiveCfg = DebugFast|Win32
		{D9B8DD7A-45F5-4718-AFD2-743925F3EC7C}.DebugFast|Win32.Build.0 = DebugFast|Win32
		{D9B8DD7A-45F5-4718-AFD2-743925F3EC7C}.Release|Win32.ActiveCfg = Release|Win32
		{D9B8DD7A-45F5-4718-AFD2-743925F3EC7C}.Release|Win32.Build.0 = Release|Win32
		{D9B8DD7A-45F5-4718-AFD2-743925F3EC7C}.ReleaseDebug|Win32.ActiveCfg = ReleaseDebug|Win32
		{D9B8DD7A-45F5-4718-AFD2-743925F3EC7C}.ReleaseDebug|Win32.Build.0 = ReleaseDebug|Win32
		{940F1501-1D77-4C54-A467-9698D68E91E4}.Debug|Win32.ActiveCfg = Debug|Win32
		{940F1501-1D77-4C54-A467-9698D68E91E4}.Debug|Win32.Build.0 = Debug|Win32
		{940F1501-1D77-4C54-A467-9698D68E91E4}.DebugFast|Win32.ActiveCfg = DebugFast|Win32
		{940F1501-1D77-4C54-A467-9698D68E91E4}.DebugFast|Win32.Build.0 = DebugFast|Win32
		{940F1501-1D77-4C54-A467-9698D68E91E4}.Release|Win32.ActiveCfg = Release|Win32
		{940F1501-1D77-4C54-A467-9698D68E91E4}.Release|Win32.Build.0 = Release|Win32
		{940F1501-1D77-4C54-A467-9698D68E91E4}.ReleaseDebug|Win32.ActiveCfg = ReleaseDebug|Win32
		{940F1501-1D77-4C54-A467-9698D68E91E4}.ReleaseDebug|Win32.Build.0 = ReleaseDebug|Win32
		{42DFBB2C-0815-4499-AFCC-D1F196D047A1}.Debug|Win32.ActiveCfg = Debug|Win32
		{42DFBB2C-0815-4499-AFCC-D1F196D047A1}.Debug|Win32.Build.0 = Debug|Win32
		{42DFBB2C-0815-4499-AFCC-D1F196D047A1}.DebugFast|Win32.ActiveCfg = DebugFast|Win32
		{42DFBB2C-0815-4499-AFCC-D1F196D047A1}.DebugFast|Win32.Build.0 = DebugFast|Win32
		{42DFBB2C-0815-4499-AFCC-D1F196D047A1}.Release|Win32.ActiveCfg = Release|Win32
		{42DFBB2C-0815-4499-AFCC-D1F196D047A1}.Release|Win32.Build.0 = Release|Win32
		{42DFBB2C-0815-4499-AFCC-D1F196D047A1}.ReleaseDebug|Win32.ActiveCfg = ReleaseDebug|Win32
		{42DFBB2C-0815-4499-AFCC-D1F196D047A1}.ReleaseDebug|Win32.Build.0 = ReleaseDebug|Win32
		{AADAF637-5C55-4A4B-B3C5-26DC6477FD55}.Debug|Win32.ActiveCfg = Debug|Win32
		{AADAF637-5C55-4A4B-B3C5-26DC6477FD55}.Debug|Win32.Build.0 = Debug|Win32
		{AADAF637-5C55-4A4B-B3C5-26DC6477FD55}.DebugFast|Win32.ActiveCfg = DebugFast|Win32
		{AADAF637-5C55-4A4B-B3C5-26DC6477FD55}.DebugFast|Win32.Build.0 = DebugFast|Win32
		{AADAF637-5C55-4A4B-B3C5-26DC6477FD55}.Release|Win32.ActiveCfg = Release|Win32
		{AADAF637-5C55-4A4B-B3C5-26DC6477FD55}.Release|Win32.Build.0 = Release|Win32
		{AADAF637-5C55-4A4B-B3C5-26DC6477FD55}.ReleaseDebug|Win32.ActiveCfg = ReleaseDebug|Win32
		{AADAF637-5C55-4A4B-B3C5-26DC6477FD55}.ReleaseDebug|Win32.Build.0 = ReleaseDebug|Win32
	EndGlobalSection
	GlobalSection(SolutionProperties) = preSolution
		HideSolutionNode = FALSE
	EndGlobalSection
EndGlobal
